// !$*UTF8*$!
{
	archiveVersion = 1;
	classes = {
	};
	objectVersion = 46;
	objects = {

/* Begin PBXBuildFile section */
		05C3165D1C325ED4008FD71E /* AppDelegate.swift in Sources */ = {isa = PBXBuildFile; fileRef = 05C3165C1C325ED4008FD71E /* AppDelegate.swift */; };
		05C316601C325ED4008FD71E /* sqltest.xcdatamodeld in Sources */ = {isa = PBXBuildFile; fileRef = 05C3165E1C325ED4008FD71E /* sqltest.xcdatamodeld */; };
		05C316621C325ED4008FD71E /* ViewController.swift in Sources */ = {isa = PBXBuildFile; fileRef = 05C316611C325ED4008FD71E /* ViewController.swift */; };
		05C316651C325ED4008FD71E /* Main.storyboard in Resources */ = {isa = PBXBuildFile; fileRef = 05C316631C325ED4008FD71E /* Main.storyboard */; };
		05C316671C325ED4008FD71E /* Images.xcassets in Resources */ = {isa = PBXBuildFile; fileRef = 05C316661C325ED4008FD71E /* Images.xcassets */; };
		05C3166A1C325ED4008FD71E /* LaunchScreen.xib in Resources */ = {isa = PBXBuildFile; fileRef = 05C316681C325ED4008FD71E /* LaunchScreen.xib */; };
		05C316761C325ED4008FD71E /* sqltestTests.swift in Sources */ = {isa = PBXBuildFile; fileRef = 05C316751C325ED4008FD71E /* sqltestTests.swift */; };
/* End PBXBuildFile section */

/* Begin PBXContainerItemProxy section */
		05C316701C325ED4008FD71E /* PBXContainerItemProxy */ = {
			isa = PBXContainerItemProxy;
			containerPortal = 05C3164F1C325ED4008FD71E /* Project object */;
			proxyType = 1;
			remoteGlobalIDString = 05C316561C325ED4008FD71E;
			remoteInfo = sqltest;
		};
/* End PBXContainerItemProxy section */

/* Begin PBXFileReference section */
		05C316571C325ED4008FD71E /* sqltest.app */ = {isa = PBXFileReference; explicitFileType = wrapper.application; includeInIndex = 0; path = sqltest.app; sourceTree = BUILT_PRODUCTS_DIR; };
		05C3165B1C325ED4008FD71E /* Info.plist */ = {isa = PBXFileReference; lastKnownFileType = text.plist.xml; path = Info.plist; sourceTree = "<group>"; };
		05C3165C1C325ED4008FD71E /* AppDelegate.swift */ = {isa = PBXFileReference; lastKnownFileType = sourcecode.swift; path = AppDelegate.swift; sourceTree = "<group>"; };
		05C3165F1C325ED4008FD71E /* sqltest.xcdatamodel */ = {isa = PBXFileReference; lastKnownFileType = wrapper.xcdatamodel; path = sqltest.xcdatamodel; sourceTree = "<group>"; };
		05C316611C325ED4008FD71E /* ViewController.swift */ = {isa = PBXFileReference; lastKnownFileType = sourcecode.swift; path = ViewController.swift; sourceTree = "<group>"; };
		05C316641C325ED4008FD71E /* Base */ = {isa = PBXFileReference; lastKnownFileType = file.storyboard; name = Base; path = Base.lproj/Main.storyboard; sourceTree = "<group>"; };
		05C316661C325ED4008FD71E /* Images.xcassets */ = {isa = PBXFileReference; lastKnownFileType = folder.assetcatalog; path = Images.xcassets; sourceTree = "<group>"; };
		05C316691C325ED4008FD71E /* Base */ = {isa = PBXFileReference; lastKnownFileType = file.xib; name = Base; path = Base.lproj/LaunchScreen.xib; sourceTree = "<group>"; };
		05C3166F1C325ED4008FD71E /* sqltestTests.xctest */ = {isa = PBXFileReference; explicitFileType = wrapper.cfbundle; includeInIndex = 0; path = sqltestTests.xctest; sourceTree = BUILT_PRODUCTS_DIR; };
		05C316741C325ED4008FD71E /* Info.plist */ = {isa = PBXFileReference; lastKnownFileType = text.plist.xml; path = Info.plist; sourceTree = "<group>"; };
		05C316751C325ED4008FD71E /* sqltestTests.swift */ = {isa = PBXFileReference; lastKnownFileType = sourcecode.swift; path = sqltestTests.swift; sourceTree = "<group>"; };
/* End PBXFileReference section */

/* Begin PBXFrameworksBuildPhase section */
		05C316541C325ED4008FD71E /* Frameworks */ = {
			isa = PBXFrameworksBuildPhase;
			buildActionMask = 2147483647;
			files = (
			);
			runOnlyForDeploymentPostprocessing = 0;
		};
		05C3166C1C325ED4008FD71E /* Frameworks */ = {
			isa = PBXFrameworksBuildPhase;
			buildActionMask = 2147483647;
			files = (
			);
			runOnlyForDeploymentPostprocessing = 0;
		};
/* End PBXFrameworksBuildPhase section */

/* Begin PBXGroup section */
		05C3164E1C325ED4008FD71E = {
			isa = PBXGroup;
			children = (
				05C316591C325ED4008FD71E /* sqltest */,
				05C316721C325ED4008FD71E /* sqltestTests */,
				05C316581C325ED4008FD71E /* Products */,
			);
			sourceTree = "<group>";
		};
		05C316581C325ED4008FD71E /* Products */ = {
			isa = PBXGroup;
			children = (
				05C316571C325ED4008FD71E /* sqltest.app */,
				05C3166F1C325ED4008FD71E /* sqltestTests.xctest */,
			);
			name = Products;
			sourceTree = "<group>";
		};
		05C316591C325ED4008FD71E /* sqltest */ = {
			isa = PBXGroup;
			children = (
				05C3165C1C325ED4008FD71E /* AppDelegate.swift */,
				05C316611C325ED4008FD71E /* ViewController.swift */,
				05C316631C325ED4008FD71E /* Main.storyboard */,
				05C316661C325ED4008FD71E /* Images.xcassets */,
				05C316681C325ED4008FD71E /* LaunchScreen.xib */,
				05C3165E1C325ED4008FD71E /* sqltest.xcdatamodeld */,
				05C3165A1C325ED4008FD71E /* Supporting Files */,
			);
			path = sqltest;
			sourceTree = "<group>";
		};
		05C3165A1C325ED4008FD71E /* Supporting Files */ = {
			isa = PBXGroup;
			children = (
				05C3165B1C325ED4008FD71E /* Info.plist */,
			);
			name = "Supporting Files";
			sourceTree = "<group>";
		};
		05C316721C325ED4008FD71E /* sqltestTests */ = {
			isa = PBXGroup;
			children = (
				05C316751C325ED4008FD71E /* sqltestTests.swift */,
				05C316731C325ED4008FD71E /* Supporting Files */,
			);
			path = sqltestTests;
			sourceTree = "<group>";
		};
		05C316731C325ED4008FD71E /* Supporting Files */ = {
			isa = PBXGroup;
			children = (
				05C316741C325ED4008FD71E /* Info.plist */,
			);
			name = "Supporting Files";
			sourceTree = "<group>";
		};
/* End PBXGroup section */

/* Begin PBXNativeTarget section */
		05C316561C325ED4008FD71E /* sqltest */ = {
			isa = PBXNativeTarget;
			buildConfigurationList = 05C316791C325ED4008FD71E /* Build configuration list for PBXNativeTarget "sqltest" */;
			buildPhases = (
				05C316531C325ED4008FD71E /* Sources */,
				05C316541C325ED4008FD71E /* Frameworks */,
				05C316551C325ED4008FD71E /* Resources */,
			);
			buildRules = (
			);
			dependencies = (
			);
			name = sqltest;
			productName = sqltest;
			productReference = 05C316571C325ED4008FD71E /* sqltest.app */;
			productType = "com.apple.product-type.application";
		};
		05C3166E1C325ED4008FD71E /* sqltestTests */ = {
			isa = PBXNativeTarget;
			buildConfigurationList = 05C3167C1C325ED4008FD71E /* Build configuration list for PBXNativeTarget "sqltestTests" */;
			buildPhases = (
				05C3166B1C325ED4008FD71E /* Sources */,
				05C3166C1C325ED4008FD71E /* Frameworks */,
				05C3166D1C325ED4008FD71E /* Resources */,
			);
			buildRules = (
			);
			dependencies = (
				05C316711C325ED4008FD71E /* PBXTargetDependency */,
			);
			name = sqltestTests;
			productName = sqltestTests;
			productReference = 05C3166F1C325ED4008FD71E /* sqltestTests.xctest */;
			productType = "com.apple.product-type.bundle.unit-test";
		};
/* End PBXNativeTarget section */

/* Begin PBXProject section */
		05C3164F1C325ED4008FD71E /* Project object */ = {
			isa = PBXProject;
			attributes = {
				LastUpgradeCheck = 0630;
				ORGANIZATIONNAME = "Thanh Pham";
				TargetAttributes = {
					05C316561C325ED4008FD71E = {
						CreatedOnToolsVersion = 6.3.1;
					};
					05C3166E1C325ED4008FD71E = {
						CreatedOnToolsVersion = 6.3.1;
						TestTargetID = 05C316561C325ED4008FD71E;
					};
				};
			};
			buildConfigurationList = 05C316521C325ED4008FD71E /* Build configuration list for PBXProject "sqltest" */;
			compatibilityVersion = "Xcode 3.2";
			developmentRegion = English;
			hasScannedForEncodings = 0;
			knownRegions = (
				en,
				Base,
			);
			mainGroup = 05C3164E1C325ED4008FD71E;
			productRefGroup = 05C316581C325ED4008FD71E /* Products */;
			projectDirPath = "";
			projectRoot = "";
			targets = (
				05C316561C325ED4008FD71E /* sqltest */,
				05C3166E1C325ED4008FD71E /* sqltestTests */,
			);
		};
/* End PBXProject section */

/* Begin PBXResourcesBuildPhase section */
		05C316551C325ED4008FD71E /* Resources */ = {
			isa = PBXResourcesBuildPhase;
			buildActionMask = 2147483647;
			files = (
				05C316651C325ED4008FD71E /* Main.storyboard in Resources */,
				05C3166A1C325ED4008FD71E /* LaunchScreen.xib in Resources */,
				05C316671C325ED4008FD71E /* Images.xcassets in Resources */,
			);
			runOnlyForDeploymentPostprocessing = 0;
		};
		05C3166D1C325ED4008FD71E /* Resources */ = {
			isa = PBXResourcesBuildPhase;
			buildActionMask = 2147483647;
			files = (
			);
			runOnlyForDeploymentPostprocessing = 0;
		};
/* End PBXResourcesBuildPhase section */

/* Begin PBXSourcesBuildPhase section */
		05C316531C325ED4008FD71E /* Sources */ = {
			isa = PBXSourcesBuildPhase;
			buildActionMask = 2147483647;
			files = (
				05C316621C325ED4008FD71E /* ViewController.swift in Sources */,
				05C316601C325ED4008FD71E /* sqltest.xcdatamodeld in Sources */,
				05C3165D1C325ED4008FD71E /* AppDelegate.swift in Sources */,
			);
			runOnlyForDeploymentPostprocessing = 0;
		};
		05C3166B1C325ED4008FD71E /* Sources */ = {
			isa = PBXSourcesBuildPhase;
			buildActionMask = 2147483647;
			files = (
				05C316761C325ED4008FD71E /* sqltestTests.swift in Sources */,
			);
			runOnlyForDeploymentPostprocessing = 0;
		};
/* End PBXSourcesBuildPhase section */

/* Begin PBXTargetDependency section */
		05C316711C325ED4008FD71E /* PBXTargetDependency */ = {
			isa = PBXTargetDependency;
			target = 05C316561C325ED4008FD71E /* sqltest */;
			targetProxy = 05C316701C325ED4008FD71E /* PBXContainerItemProxy */;
		};
/* End PBXTargetDependency section */

/* Begin PBXVariantGroup section */
		05C316631C325ED4008FD71E /* Main.storyboard */ = {
			isa = PBXVariantGroup;
			children = (
				05C316641C325ED4008FD71E /* Base */,
			);
			name = Main.storyboard;
			sourceTree = "<group>";
		};
		05C316681C325ED4008FD71E /* LaunchScreen.xib */ = {
			isa = PBXVariantGroup;
			children = (
				05C316691C325ED4008FD71E /* Base */,
			);
			name = LaunchScreen.xib;
			sourceTree = "<group>";
		};
/* End PBXVariantGroup section */

/* Begin XCBuildConfiguration section */
		05C316771C325ED4008FD71E /* Debug */ = {
			isa = XCBuildConfiguration;
			buildSettings = {
				ALWAYS_SEARCH_USER_PATHS = NO;
				CLANG_CXX_LANGUAGE_STANDARD = "gnu++0x";
				CLANG_CXX_LIBRARY = "libc++";
				CLANG_ENABLE_MODULES = YES;
				CLANG_ENABLE_OBJC_ARC = YES;
				CLANG_WARN_BOOL_CONVERSION = YES;
				CLANG_WARN_CONSTANT_CONVERSION = YES;
				CLANG_WARN_DIRECT_OBJC_ISA_USAGE = YES_ERROR;
				CLANG_WARN_EMPTY_BODY = YES;
				CLANG_WARN_ENUM_CONVERSION = YES;
				CLANG_WARN_INT_CONVERSION = YES;
				CLANG_WARN_OBJC_ROOT_CLASS = YES_ERROR;
				CLANG_WARN_UNREACHABLE_CODE = YES;
				CLANG_WARN__DUPLICATE_METHOD_MATCH = YES;
				"CODE_SIGN_IDENTITY[sdk=iphoneos*]" = "iPhone Developer";
				COPY_PHASE_STRIP = NO;
				DEBUG_INFORMATION_FORMAT = "dwarf-with-dsym";
				ENABLE_STRICT_OBJC_MSGSEND = YES;
				GCC_C_LANGUAGE_STANDARD = gnu99;
				GCC_DYNAMIC_NO_PIC = NO;
				GCC_NO_COMMON_BLOCKS = YES;
				GCC_OPTIMIZATION_LEVEL = 0;
				GCC_PREPROCESSOR_DEFINITIONS = (
					"DEBUG=1",
					"$(inherited)",
				);
				GCC_SYMBOLS_PRIVATE_EXTERN = NO;
				GCC_WARN_64_TO_32_BIT_CONVERSION = YES;
				GCC_WARN_ABOUT_RETURN_TYPE = YES_ERROR;
				GCC_WARN_UNDECLARED_SELECTOR = YES;
				GCC_WARN_UNINITIALIZED_AUTOS = YES_AGGRESSIVE;
				GCC_WARN_UNUSED_FUNCTION = YES;
				GCC_WARN_UNUSED_VARIABLE = YES;
				IPHONEOS_DEPLOYMENT_TARGET = 8.3;
				MTL_ENABLE_DEBUG_INFO = YES;
				ONLY_ACTIVE_ARCH = YES;
				SDKROOT = iphoneos;
				SWIFT_OPTIMIZATION_LEVEL = "-Onone";
			};
			name = Debug;
		};
		05C316781C325ED4008FD71E /* Release */ = {
			isa = XCBuildConfiguration;
			buildSettings = {
				ALWAYS_SEARCH_USER_PATHS = NO;
				CLANG_CXX_LANGUAGE_STANDARD = "gnu++0x";
				CLANG_CXX_LIBRARY = "libc++";
				CLANG_ENABLE_MODULES = YES;
				CLANG_ENABLE_OBJC_ARC = YES;
				CLANG_WARN_BOOL_CONVERSION = YES;
				CLANG_WARN_CONSTANT_CONVERSION = YES;
				CLANG_WARN_DIRECT_OBJC_ISA_USAGE = YES_ERROR;
				CLANG_WARN_EMPTY_BODY = YES;
				CLANG_WARN_ENUM_CONVERSION = YES;
				CLANG_WARN_INT_CONVERSION = YES;
				CLANG_WARN_OBJC_ROOT_CLASS = YES_ERROR;
				CLANG_WARN_UNREACHABLE_CODE = YES;
				CLANG_WARN__DUPLICATE_METHOD_MATCH = YES;
				"CODE_SIGN_IDENTITY[sdk=iphoneos*]" = "iPhone Developer";
				COPY_PHASE_STRIP = NO;
				DEBUG_INFORMATION_FORMAT = "dwarf-with-dsym";
				ENABLE_NS_ASSERTIONS = NO;
				ENABLE_STRICT_OBJC_MSGSEND = YES;
				GCC_C_LANGUAGE_STANDARD = gnu99;
				GCC_NO_COMMON_BLOCKS = YES;
				GCC_WARN_64_TO_32_BIT_CONVERSION = YES;
				GCC_WARN_ABOUT_RETURN_TYPE = YES_ERROR;
				GCC_WARN_UNDECLARED_SELECTOR = YES;
				GCC_WARN_UNINITIALIZED_AUTOS = YES_AGGRESSIVE;
				GCC_WARN_UNUSED_FUNCTION = YES;
				GCC_WARN_UNUSED_VARIABLE = YES;
				IPHONEOS_DEPLOYMENT_TARGET = 8.3;
				MTL_ENABLE_DEBUG_INFO = NO;
				SDKROOT = iphoneos;
				VALIDATE_PRODUCT = YES;
			};
			name = Release;
		};
		05C3167A1C325ED4008FD71E /* Debug */ = {
			isa = XCBuildConfiguration;
			buildSettings = {
				ASSETCATALOG_COMPILER_APPICON_NAME = AppIcon;
				INFOPLIST_FILE = sqltest/Info.plist;
				LD_RUNPATH_SEARCH_PATHS = "$(inherited) @executable_path/Frameworks";
				PRODUCT_NAME = "$(TARGET_NAME)";
			};
			name = Debug;
		};
		05C3167B1C325ED4008FD71E /* Release */ = {
			isa = XCBuildConfiguration;
			buildSettings = {
				ASSETCATALOG_COMPILER_APPICON_NAME = AppIcon;
				INFOPLIST_FILE = sqltest/Info.plist;
				LD_RUNPATH_SEARCH_PATHS = "$(inherited) @executable_path/Frameworks";
				PRODUCT_NAME = "$(TARGET_NAME)";
			};
			name = Release;
		};
		05C3167D1C325ED4008FD71E /* Debug */ = {
			isa = XCBuildConfiguration;
			buildSettings = {
				BUNDLE_LOADER = "$(TEST_HOST)";
				FRAMEWORK_SEARCH_PATHS = (
					"$(SDKROOT)/Developer/Library/Frameworks",
					"$(inherited)",
				);
				GCC_PREPROCESSOR_DEFINITIONS = (
					"DEBUG=1",
					"$(inherited)",
				);
				INFOPLIST_FILE = sqltestTests/Info.plist;
				LD_RUNPATH_SEARCH_PATHS = "$(inherited) @executable_path/Frameworks @loader_path/Frameworks";
				PRODUCT_NAME = "$(TARGET_NAME)";
				TEST_HOST = "$(BUILT_PRODUCTS_DIR)/sqltest.app/sqltest";
			};
			name = Debug;
		};
		05C3167E1C325ED4008FD71E /* Release */ = {
			isa = XCBuildConfiguration;
			buildSettings = {
				BUNDLE_LOADER = "$(TEST_HOST)";
				FRAMEWORK_SEARCH_PATHS = (
					"$(SDKROOT)/Developer/Library/Frameworks",
					"$(inherited)",
				);
				INFOPLIST_FILE = sqltestTests/Info.plist;
				LD_RUNPATH_SEARCH_PATHS = "$(inherited) @executable_path/Frameworks @loader_path/Frameworks";
				PRODUCT_NAME = "$(TARGET_NAME)";
				TEST_HOST = "$(BUILT_PRODUCTS_DIR)/sqltest.app/sqltest";
			};
			name = Release;
		};
/* End XCBuildConfiguration section */

/* Begin XCConfigurationList section */
		05C316521C325ED4008FD71E /* Build configuration list for PBXProject "sqltest" */ = {
			isa = XCConfigurationList;
			buildConfigurations = (
				05C316771C325ED4008FD71E /* Debug */,
				05C316781C325ED4008FD71E /* Release */,
			);
			defaultConfigurationIsVisible = 0;
			defaultConfigurationName = Release;
		};
		05C316791C325ED4008FD71E /* Build configuration list for PBXNativeTarget "sqltest" */ = {
			isa = XCConfigurationList;
			buildConfigurations = (
				05C3167A1C325ED4008FD71E /* Debug */,
				05C3167B1C325ED4008FD71E /* Release */,
			);
			defaultConfigurationIsVisible = 0;
		};
		05C3167C1C325ED4008FD71E /* Build configuration list for PBXNativeTarget "sqltestTests" */ = {
			isa = XCConfigurationList;
			buildConfigurations = (
				05C3167D1C325ED4008FD71E /* Debug */,
				05C3167E1C325ED4008FD71E /* Release */,
			);
			defaultConfigurationIsVisible = 0;
		};
/* End XCConfigurationList section */

/* Begin XCVersionGroup section */
		05C3165E1C325ED4008FD71E /* sqltest.xcdatamodeld */ = {
			isa = XCVersionGroup;
			children = (
				05C3165F1C325ED4008FD71E /* sqltest.xcdatamodel */,
			);
			currentVersion = 05C3165F1C325ED4008FD71E /* sqltest.xcdatamodel */;
			path = sqltest.xcdatamodeld;
			sourceTree = "<group>";
			versionGroupType = wrapper.xcdatamodel;
		};
/* End XCVersionGroup section */
	};
	rootObject = 05C3164F1C325ED4008FD71E /* Project object */;
}
