// !$*UTF8*$!
{
	archiveVersion = 1;
	classes = {
	};
	objectVersion = 46;
	objects = {

/* Begin PBXBuildFile section */
		05090BE71BFF2DFD005E307D /* dt3.jpg in Resources */ = {isa = PBXBuildFile; fileRef = 05090BE41BFF2DFD005E307D /* dt3.jpg */; };
		05090BE81BFF2DFD005E307D /* dt2.jpg in Resources */ = {isa = PBXBuildFile; fileRef = 05090BE51BFF2DFD005E307D /* dt2.jpg */; };
		05090BE91BFF2DFD005E307D /* dt1.jpg in Resources */ = {isa = PBXBuildFile; fileRef = 05090BE61BFF2DFD005E307D /* dt1.jpg */; };
		05090BED1BFF2E05005E307D /* dt6.jpg in Resources */ = {isa = PBXBuildFile; fileRef = 05090BEA1BFF2E05005E307D /* dt6.jpg */; };
		05090BEE1BFF2E05005E307D /* dt5.jpg in Resources */ = {isa = PBXBuildFile; fileRef = 05090BEB1BFF2E05005E307D /* dt5.jpg */; };
		05090BEF1BFF2E05005E307D /* dt4.jpg in Resources */ = {isa = PBXBuildFile; fileRef = 05090BEC1BFF2E05005E307D /* dt4.jpg */; };
		05090BF11BFF2E70005E307D /* CustomTableViewController.swift in Sources */ = {isa = PBXBuildFile; fileRef = 05090BF01BFF2E70005E307D /* CustomTableViewController.swift */; };
		05090BF71BFF3584005E307D /* TableViewCell.swift in Sources */ = {isa = PBXBuildFile; fileRef = 05090BF61BFF3584005E307D /* TableViewCell.swift */; };
		059B7BB51BFF224300754546 /* AppDelegate.swift in Sources */ = {isa = PBXBuildFile; fileRef = 059B7BB41BFF224300754546 /* AppDelegate.swift */; };
		059B7BBA1BFF224300754546 /* Main.storyboard in Resources */ = {isa = PBXBuildFile; fileRef = 059B7BB81BFF224300754546 /* Main.storyboard */; };
		059B7BBC1BFF224300754546 /* Images.xcassets in Resources */ = {isa = PBXBuildFile; fileRef = 059B7BBB1BFF224300754546 /* Images.xcassets */; };
		059B7BBF1BFF224300754546 /* LaunchScreen.xib in Resources */ = {isa = PBXBuildFile; fileRef = 059B7BBD1BFF224300754546 /* LaunchScreen.xib */; };
		059B7BCB1BFF224300754546 /* TableViewTests.swift in Sources */ = {isa = PBXBuildFile; fileRef = 059B7BCA1BFF224300754546 /* TableViewTests.swift */; };
		059B7BDB1BFF289300754546 /* DanhsachTableViewController.swift in Sources */ = {isa = PBXBuildFile; fileRef = 059B7BDA1BFF289300754546 /* DanhsachTableViewController.swift */; };
/* End PBXBuildFile section */

/* Begin PBXContainerItemProxy section */
		059B7BC51BFF224300754546 /* PBXContainerItemProxy */ = {
			isa = PBXContainerItemProxy;
			containerPortal = 059B7BA71BFF224300754546 /* Project object */;
			proxyType = 1;
			remoteGlobalIDString = 059B7BAE1BFF224300754546;
			remoteInfo = TableView;
		};
/* End PBXContainerItemProxy section */

/* Begin PBXFileReference section */
		05090BE41BFF2DFD005E307D /* dt3.jpg */ = {isa = PBXFileReference; lastKnownFileType = image.jpeg; name = dt3.jpg; path = ../../../../../Downloads/dt3.jpg; sourceTree = "<group>"; };
		05090BE51BFF2DFD005E307D /* dt2.jpg */ = {isa = PBXFileReference; lastKnownFileType = image.jpeg; name = dt2.jpg; path = ../../../../../Downloads/dt2.jpg; sourceTree = "<group>"; };
		05090BE61BFF2DFD005E307D /* dt1.jpg */ = {isa = PBXFileReference; lastKnownFileType = image.jpeg; name = dt1.jpg; path = ../../../../../Downloads/dt1.jpg; sourceTree = "<group>"; };
		05090BEA1BFF2E05005E307D /* dt6.jpg */ = {isa = PBXFileReference; lastKnownFileType = image.jpeg; name = dt6.jpg; path = ../../../../../Downloads/dt6.jpg; sourceTree = "<group>"; };
		05090BEB1BFF2E05005E307D /* dt5.jpg */ = {isa = PBXFileReference; lastKnownFileType = image.jpeg; name = dt5.jpg; path = ../../../../../Downloads/dt5.jpg; sourceTree = "<group>"; };
		05090BEC1BFF2E05005E307D /* dt4.jpg */ = {isa = PBXFileReference; lastKnownFileType = image.jpeg; name = dt4.jpg; path = ../../../../../Downloads/dt4.jpg; sourceTree = "<group>"; };
		05090BF01BFF2E70005E307D /* CustomTableViewController.swift */ = {isa = PBXFileReference; fileEncoding = 4; lastKnownFileType = sourcecode.swift; path = CustomTableViewController.swift; sourceTree = "<group>"; };
		05090BF61BFF3584005E307D /* TableViewCell.swift */ = {isa = PBXFileReference; fileEncoding = 4; lastKnownFileType = sourcecode.swift; path = TableViewCell.swift; sourceTree = "<group>"; };
		059B7BAF1BFF224300754546 /* TableView.app */ = {isa = PBXFileReference; explicitFileType = wrapper.application; includeInIndex = 0; path = TableView.app; sourceTree = BUILT_PRODUCTS_DIR; };
		059B7BB31BFF224300754546 /* Info.plist */ = {isa = PBXFileReference; lastKnownFileType = text.plist.xml; path = Info.plist; sourceTree = "<group>"; };
		059B7BB41BFF224300754546 /* AppDelegate.swift */ = {isa = PBXFileReference; lastKnownFileType = sourcecode.swift; path = AppDelegate.swift; sourceTree = "<group>"; };
		059B7BB91BFF224300754546 /* Base */ = {isa = PBXFileReference; lastKnownFileType = file.storyboard; name = Base; path = Base.lproj/Main.storyboard; sourceTree = "<group>"; };
		059B7BBB1BFF224300754546 /* Images.xcassets */ = {isa = PBXFileReference; lastKnownFileType = folder.assetcatalog; path = Images.xcassets; sourceTree = "<group>"; };
		059B7BBE1BFF224300754546 /* Base */ = {isa = PBXFileReference; lastKnownFileType = file.xib; name = Base; path = Base.lproj/LaunchScreen.xib; sourceTree = "<group>"; };
		059B7BC41BFF224300754546 /* TableViewTests.xctest */ = {isa = PBXFileReference; explicitFileType = wrapper.cfbundle; includeInIndex = 0; path = TableViewTests.xctest; sourceTree = BUILT_PRODUCTS_DIR; };
		059B7BC91BFF224300754546 /* Info.plist */ = {isa = PBXFileReference; lastKnownFileType = text.plist.xml; path = Info.plist; sourceTree = "<group>"; };
		059B7BCA1BFF224300754546 /* TableViewTests.swift */ = {isa = PBXFileReference; lastKnownFileType = sourcecode.swift; path = TableViewTests.swift; sourceTree = "<group>"; };
		059B7BDA1BFF289300754546 /* DanhsachTableViewController.swift */ = {isa = PBXFileReference; fileEncoding = 4; lastKnownFileType = sourcecode.swift; path = DanhsachTableViewController.swift; sourceTree = "<group>"; };
/* End PBXFileReference section */

/* Begin PBXFrameworksBuildPhase section */
		059B7BAC1BFF224300754546 /* Frameworks */ = {
			isa = PBXFrameworksBuildPhase;
			buildActionMask = 2147483647;
			files = (
			);
			runOnlyForDeploymentPostprocessing = 0;
		};
		059B7BC11BFF224300754546 /* Frameworks */ = {
			isa = PBXFrameworksBuildPhase;
			buildActionMask = 2147483647;
			files = (
			);
			runOnlyForDeploymentPostprocessing = 0;
		};
/* End PBXFrameworksBuildPhase section */

/* Begin PBXGroup section */
		059B7BA61BFF224300754546 = {
			isa = PBXGroup;
			children = (
				059B7BB11BFF224300754546 /* TableView */,
				059B7BC71BFF224300754546 /* TableViewTests */,
				059B7BB01BFF224300754546 /* Products */,
			);
			sourceTree = "<group>";
		};
		059B7BB01BFF224300754546 /* Products */ = {
			isa = PBXGroup;
			children = (
				059B7BAF1BFF224300754546 /* TableView.app */,
				059B7BC41BFF224300754546 /* TableViewTests.xctest */,
			);
			name = Products;
			sourceTree = "<group>";
		};
		059B7BB11BFF224300754546 /* TableView */ = {
			isa = PBXGroup;
			children = (
				059B7BBD1BFF224300754546 /* LaunchScreen.xib */,
				059B7BB41BFF224300754546 /* AppDelegate.swift */,
				059B7BDA1BFF289300754546 /* DanhsachTableViewController.swift */,
				05090BF01BFF2E70005E307D /* CustomTableViewController.swift */,
				05090BF61BFF3584005E307D /* TableViewCell.swift */,
				059B7BB81BFF224300754546 /* Main.storyboard */,
				059B7BBB1BFF224300754546 /* Images.xcassets */,
				059B7BB21BFF224300754546 /* Supporting Files */,
			);
			path = TableView;
			sourceTree = "<group>";
		};
		059B7BB21BFF224300754546 /* Supporting Files */ = {
			isa = PBXGroup;
			children = (
				059B7BB31BFF224300754546 /* Info.plist */,
				05090BE41BFF2DFD005E307D /* dt3.jpg */,
				05090BE51BFF2DFD005E307D /* dt2.jpg */,
				05090BE61BFF2DFD005E307D /* dt1.jpg */,
				05090BEA1BFF2E05005E307D /* dt6.jpg */,
				05090BEB1BFF2E05005E307D /* dt5.jpg */,
				05090BEC1BFF2E05005E307D /* dt4.jpg */,
			);
			name = "Supporting Files";
			sourceTree = "<group>";
		};
		059B7BC71BFF224300754546 /* TableViewTests */ = {
			isa = PBXGroup;
			children = (
				059B7BCA1BFF224300754546 /* TableViewTests.swift */,
				059B7BC81BFF224300754546 /* Supporting Files */,
			);
			path = TableViewTests;
			sourceTree = "<group>";
		};
		059B7BC81BFF224300754546 /* Supporting Files */ = {
			isa = PBXGroup;
			children = (
				059B7BC91BFF224300754546 /* Info.plist */,
			);
			name = "Supporting Files";
			sourceTree = "<group>";
		};
/* End PBXGroup section */

/* Begin PBXNativeTarget section */
		059B7BAE1BFF224300754546 /* TableView */ = {
			isa = PBXNativeTarget;
			buildConfigurationList = 059B7BCE1BFF224300754546 /* Build configuration list for PBXNativeTarget "TableView" */;
			buildPhases = (
				059B7BAB1BFF224300754546 /* Sources */,
				059B7BAC1BFF224300754546 /* Frameworks */,
				059B7BAD1BFF224300754546 /* Resources */,
			);
			buildRules = (
			);
			dependencies = (
			);
			name = TableView;
			productName = TableView;
			productReference = 059B7BAF1BFF224300754546 /* TableView.app */;
			productType = "com.apple.product-type.application";
		};
		059B7BC31BFF224300754546 /* TableViewTests */ = {
			isa = PBXNativeTarget;
			buildConfigurationList = 059B7BD11BFF224300754546 /* Build configuration list for PBXNativeTarget "TableViewTests" */;
			buildPhases = (
				059B7BC01BFF224300754546 /* Sources */,
				059B7BC11BFF224300754546 /* Frameworks */,
				059B7BC21BFF224300754546 /* Resources */,
			);
			buildRules = (
			);
			dependencies = (
				059B7BC61BFF224300754546 /* PBXTargetDependency */,
			);
			name = TableViewTests;
			productName = TableViewTests;
			productReference = 059B7BC41BFF224300754546 /* TableViewTests.xctest */;
			productType = "com.apple.product-type.bundle.unit-test";
		};
/* End PBXNativeTarget section */

/* Begin PBXProject section */
		059B7BA71BFF224300754546 /* Project object */ = {
			isa = PBXProject;
			attributes = {
				LastUpgradeCheck = 0630;
				ORGANIZATIONNAME = "Thanh Pham";
				TargetAttributes = {
					059B7BAE1BFF224300754546 = {
						CreatedOnToolsVersion = 6.3.1;
					};
					059B7BC31BFF224300754546 = {
						CreatedOnToolsVersion = 6.3.1;
						TestTargetID = 059B7BAE1BFF224300754546;
					};
				};
			};
			buildConfigurationList = 059B7BAA1BFF224300754546 /* Build configuration list for PBXProject "TableView" */;
			compatibilityVersion = "Xcode 3.2";
			developmentRegion = English;
			hasScannedForEncodings = 0;
			knownRegions = (
				en,
				Base,
			);
			mainGroup = 059B7BA61BFF224300754546;
			productRefGroup = 059B7BB01BFF224300754546 /* Products */;
			projectDirPath = "";
			projectRoot = "";
			targets = (
				059B7BAE1BFF224300754546 /* TableView */,
				059B7BC31BFF224300754546 /* TableViewTests */,
			);
		};
/* End PBXProject section */

/* Begin PBXResourcesBuildPhase section */
		059B7BAD1BFF224300754546 /* Resources */ = {
			isa = PBXResourcesBuildPhase;
			buildActionMask = 2147483647;
			files = (
				05090BEF1BFF2E05005E307D /* dt4.jpg in Resources */,
				059B7BBA1BFF224300754546 /* Main.storyboard in Resources */,
				05090BE71BFF2DFD005E307D /* dt3.jpg in Resources */,
				059B7BBF1BFF224300754546 /* LaunchScreen.xib in Resources */,
				05090BEE1BFF2E05005E307D /* dt5.jpg in Resources */,
				05090BED1BFF2E05005E307D /* dt6.jpg in Resources */,
				05090BE91BFF2DFD005E307D /* dt1.jpg in Resources */,
				059B7BBC1BFF224300754546 /* Images.xcassets in Resources */,
				05090BE81BFF2DFD005E307D /* dt2.jpg in Resources */,
			);
			runOnlyForDeploymentPostprocessing = 0;
		};
		059B7BC21BFF224300754546 /* Resources */ = {
			isa = PBXResourcesBuildPhase;
			buildActionMask = 2147483647;
			files = (
			);
			runOnlyForDeploymentPostprocessing = 0;
		};
/* End PBXResourcesBuildPhase section */

/* Begin PBXSourcesBuildPhase section */
		059B7BAB1BFF224300754546 /* Sources */ = {
			isa = PBXSourcesBuildPhase;
			buildActionMask = 2147483647;
			files = (
				059B7BB51BFF224300754546 /* AppDelegate.swift in Sources */,
				05090BF71BFF3584005E307D /* TableViewCell.swift in Sources */,
				05090BF11BFF2E70005E307D /* CustomTableViewController.swift in Sources */,
				059B7BDB1BFF289300754546 /* DanhsachTableViewController.swift in Sources */,
			);
			runOnlyForDeploymentPostprocessing = 0;
		};
		059B7BC01BFF224300754546 /* Sources */ = {
			isa = PBXSourcesBuildPhase;
			buildActionMask = 2147483647;
			files = (
				059B7BCB1BFF224300754546 /* TableViewTests.swift in Sources */,
			);
			runOnlyForDeploymentPostprocessing = 0;
		};
/* End PBXSourcesBuildPhase section */

/* Begin PBXTargetDependency section */
		059B7BC61BFF224300754546 /* PBXTargetDependency */ = {
			isa = PBXTargetDependency;
			target = 059B7BAE1BFF224300754546 /* TableView */;
			targetProxy = 059B7BC51BFF224300754546 /* PBXContainerItemProxy */;
		};
/* End PBXTargetDependency section */

/* Begin PBXVariantGroup section */
		059B7BB81BFF224300754546 /* Main.storyboard */ = {
			isa = PBXVariantGroup;
			children = (
				059B7BB91BFF224300754546 /* Base */,
			);
			name = Main.storyboard;
			sourceTree = "<group>";
		};
		059B7BBD1BFF224300754546 /* LaunchScreen.xib */ = {
			isa = PBXVariantGroup;
			children = (
				059B7BBE1BFF224300754546 /* Base */,
			);
			name = LaunchScreen.xib;
			sourceTree = "<group>";
		};
/* End PBXVariantGroup section */

/* Begin XCBuildConfiguration section */
		059B7BCC1BFF224300754546 /* Debug */ = {
			isa = XCBuildConfiguration;
			buildSettings = {
				ALWAYS_SEARCH_USER_PATHS = NO;
				CLANG_CXX_LANGUAGE_STANDARD = "gnu++0x";
				CLANG_CXX_LIBRARY = "libc++";
				CLANG_ENABLE_MODULES = YES;
				CLANG_ENABLE_OBJC_ARC = YES;
				CLANG_WARN_BOOL_CONVERSION = YES;
				CLANG_WARN_CONSTANT_CONVERSION = YES;
				CLANG_WARN_DIRECT_OBJC_ISA_USAGE = YES_ERROR;
				CLANG_WARN_EMPTY_BODY = YES;
				CLANG_WARN_ENUM_CONVERSION = YES;
				CLANG_WARN_INT_CONVERSION = YES;
				CLANG_WARN_OBJC_ROOT_CLASS = YES_ERROR;
				CLANG_WARN_UNREACHABLE_CODE = YES;
				CLANG_WARN__DUPLICATE_METHOD_MATCH = YES;
				"CODE_SIGN_IDENTITY[sdk=iphoneos*]" = "iPhone Developer";
				COPY_PHASE_STRIP = NO;
				DEBUG_INFORMATION_FORMAT = "dwarf-with-dsym";
				ENABLE_STRICT_OBJC_MSGSEND = YES;
				GCC_C_LANGUAGE_STANDARD = gnu99;
				GCC_DYNAMIC_NO_PIC = NO;
				GCC_NO_COMMON_BLOCKS = YES;
				GCC_OPTIMIZATION_LEVEL = 0;
				GCC_PREPROCESSOR_DEFINITIONS = (
					"DEBUG=1",
					"$(inherited)",
				);
				GCC_SYMBOLS_PRIVATE_EXTERN = NO;
				GCC_WARN_64_TO_32_BIT_CONVERSION = YES;
				GCC_WARN_ABOUT_RETURN_TYPE = YES_ERROR;
				GCC_WARN_UNDECLARED_SELECTOR = YES;
				GCC_WARN_UNINITIALIZED_AUTOS = YES_AGGRESSIVE;
				GCC_WARN_UNUSED_FUNCTION = YES;
				GCC_WARN_UNUSED_VARIABLE = YES;
				IPHONEOS_DEPLOYMENT_TARGET = 8.3;
				MTL_ENABLE_DEBUG_INFO = YES;
				ONLY_ACTIVE_ARCH = YES;
				SDKROOT = iphoneos;
				SWIFT_OPTIMIZATION_LEVEL = "-Onone";
			};
			name = Debug;
		};
		059B7BCD1BFF224300754546 /* Release */ = {
			isa = XCBuildConfiguration;
			buildSettings = {
				ALWAYS_SEARCH_USER_PATHS = NO;
				CLANG_CXX_LANGUAGE_STANDARD = "gnu++0x";
				CLANG_CXX_LIBRARY = "libc++";
				CLANG_ENABLE_MODULES = YES;
				CLANG_ENABLE_OBJC_ARC = YES;
				CLANG_WARN_BOOL_CONVERSION = YES;
				CLANG_WARN_CONSTANT_CONVERSION = YES;
				CLANG_WARN_DIRECT_OBJC_ISA_USAGE = YES_ERROR;
				CLANG_WARN_EMPTY_BODY = YES;
				CLANG_WARN_ENUM_CONVERSION = YES;
				CLANG_WARN_INT_CONVERSION = YES;
				CLANG_WARN_OBJC_ROOT_CLASS = YES_ERROR;
				CLANG_WARN_UNREACHABLE_CODE = YES;
				CLANG_WARN__DUPLICATE_METHOD_MATCH = YES;
				"CODE_SIGN_IDENTITY[sdk=iphoneos*]" = "iPhone Developer";
				COPY_PHASE_STRIP = NO;
				DEBUG_INFORMATION_FORMAT = "dwarf-with-dsym";
				ENABLE_NS_ASSERTIONS = NO;
				ENABLE_STRICT_OBJC_MSGSEND = YES;
				GCC_C_LANGUAGE_STANDARD = gnu99;
				GCC_NO_COMMON_BLOCKS = YES;
				GCC_WARN_64_TO_32_BIT_CONVERSION = YES;
				GCC_WARN_ABOUT_RETURN_TYPE = YES_ERROR;
				GCC_WARN_UNDECLARED_SELECTOR = YES;
				GCC_WARN_UNINITIALIZED_AUTOS = YES_AGGRESSIVE;
				GCC_WARN_UNUSED_FUNCTION = YES;
				GCC_WARN_UNUSED_VARIABLE = YES;
				IPHONEOS_DEPLOYMENT_TARGET = 8.3;
				MTL_ENABLE_DEBUG_INFO = NO;
				SDKROOT = iphoneos;
				VALIDATE_PRODUCT = YES;
			};
			name = Release;
		};
		059B7BCF1BFF224300754546 /* Debug */ = {
			isa = XCBuildConfiguration;
			buildSettings = {
				ASSETCATALOG_COMPILER_APPICON_NAME = AppIcon;
				INFOPLIST_FILE = TableView/Info.plist;
				LD_RUNPATH_SEARCH_PATHS = "$(inherited) @executable_path/Frameworks";
				PRODUCT_NAME = "$(TARGET_NAME)";
			};
			name = Debug;
		};
		059B7BD01BFF224300754546 /* Release */ = {
			isa = XCBuildConfiguration;
			buildSettings = {
				ASSETCATALOG_COMPILER_APPICON_NAME = AppIcon;
				INFOPLIST_FILE = TableView/Info.plist;
				LD_RUNPATH_SEARCH_PATHS = "$(inherited) @executable_path/Frameworks";
				PRODUCT_NAME = "$(TARGET_NAME)";
			};
			name = Release;
		};
		059B7BD21BFF224300754546 /* Debug */ = {
			isa = XCBuildConfiguration;
			buildSettings = {
				BUNDLE_LOADER = "$(TEST_HOST)";
				FRAMEWORK_SEARCH_PATHS = (
					"$(SDKROOT)/Developer/Library/Frameworks",
					"$(inherited)",
				);
				GCC_PREPROCESSOR_DEFINITIONS = (
					"DEBUG=1",
					"$(inherited)",
				);
				INFOPLIST_FILE = TableViewTests/Info.plist;
				LD_RUNPATH_SEARCH_PATHS = "$(inherited) @executable_path/Frameworks @loader_path/Frameworks";
				PRODUCT_NAME = "$(TARGET_NAME)";
				TEST_HOST = "$(BUILT_PRODUCTS_DIR)/TableView.app/TableView";
			};
			name = Debug;
		};
		059B7BD31BFF224300754546 /* Release */ = {
			isa = XCBuildConfiguration;
			buildSettings = {
				BUNDLE_LOADER = "$(TEST_HOST)";
				FRAMEWORK_SEARCH_PATHS = (
					"$(SDKROOT)/Developer/Library/Frameworks",
					"$(inherited)",
				);
				INFOPLIST_FILE = TableViewTests/Info.plist;
				LD_RUNPATH_SEARCH_PATHS = "$(inherited) @executable_path/Frameworks @loader_path/Frameworks";
				PRODUCT_NAME = "$(TARGET_NAME)";
				TEST_HOST = "$(BUILT_PRODUCTS_DIR)/TableView.app/TableView";
			};
			name = Release;
		};
/* End XCBuildConfiguration section */

/* Begin XCConfigurationList section */
		059B7BAA1BFF224300754546 /* Build configuration list for PBXProject "TableView" */ = {
			isa = XCConfigurationList;
			buildConfigurations = (
				059B7BCC1BFF224300754546 /* Debug */,
				059B7BCD1BFF224300754546 /* Release */,
			);
			defaultConfigurationIsVisible = 0;
			defaultConfigurationName = Release;
		};
		059B7BCE1BFF224300754546 /* Build configuration list for PBXNativeTarget "TableView" */ = {
			isa = XCConfigurationList;
			buildConfigurations = (
				059B7BCF1BFF224300754546 /* Debug */,
				059B7BD01BFF224300754546 /* Release */,
			);
			defaultConfigurationIsVisible = 0;
			defaultConfigurationName = Release;
		};
		059B7BD11BFF224300754546 /* Build configuration list for PBXNativeTarget "TableViewTests" */ = {
			isa = XCConfigurationList;
			buildConfigurations = (
				059B7BD21BFF224300754546 /* Debug */,
				059B7BD31BFF224300754546 /* Release */,
			);
			defaultConfigurationIsVisible = 0;
			defaultConfigurationName = Release;
		};
/* End XCConfigurationList section */
	};
	rootObject = 059B7BA71BFF224300754546 /* Project object */;
}
