// !$*UTF8*$!
{
	archiveVersion = 1;
	classes = {
	};
	objectVersion = 46;
	objects = {

/* Begin PBXBuildFile section */
		059BB03C1C3381D2009B8B6B /* AppDelegate.swift in Sources */ = {isa = PBXBuildFile; fileRef = 059BB03B1C3381D2009B8B6B /* AppDelegate.swift */; };
		059BB03F1C3381D2009B8B6B /* SqliteSwift.xcdatamodeld in Sources */ = {isa = PBXBuildFile; fileRef = 059BB03D1C3381D2009B8B6B /* SqliteSwift.xcdatamodeld */; };
		059BB0411C3381D2009B8B6B /* ViewController.swift in Sources */ = {isa = PBXBuildFile; fileRef = 059BB0401C3381D2009B8B6B /* ViewController.swift */; };
		059BB0441C3381D2009B8B6B /* Main.storyboard in Resources */ = {isa = PBXBuildFile; fileRef = 059BB0421C3381D2009B8B6B /* Main.storyboard */; };
		059BB0461C3381D2009B8B6B /* Images.xcassets in Resources */ = {isa = PBXBuildFile; fileRef = 059BB0451C3381D2009B8B6B /* Images.xcassets */; };
		059BB0491C3381D2009B8B6B /* LaunchScreen.xib in Resources */ = {isa = PBXBuildFile; fileRef = 059BB0471C3381D2009B8B6B /* LaunchScreen.xib */; };
		059BB0551C3381D2009B8B6B /* SqliteSwiftTests.swift in Sources */ = {isa = PBXBuildFile; fileRef = 059BB0541C3381D2009B8B6B /* SqliteSwiftTests.swift */; };
		059BB07A1C3387ED009B8B6B /* SQLite.framework in Frameworks */ = {isa = PBXBuildFile; fileRef = 059BB06B1C3387A0009B8B6B /* SQLite.framework */; };
		DBE00303501202935F0D2BBB /* Pods.framework in Frameworks */ = {isa = PBXBuildFile; fileRef = 367DD1423B339636B281414E /* Pods.framework */; };
/* End PBXBuildFile section */

/* Begin PBXContainerItemProxy section */
		059BB04F1C3381D2009B8B6B /* PBXContainerItemProxy */ = {
			isa = PBXContainerItemProxy;
			containerPortal = 059BB02E1C3381D2009B8B6B /* Project object */;
			proxyType = 1;
			remoteGlobalIDString = 059BB0351C3381D2009B8B6B;
			remoteInfo = SqliteSwift;
		};
		059BB06A1C3387A0009B8B6B /* PBXContainerItemProxy */ = {
			isa = PBXContainerItemProxy;
			containerPortal = 059BB05E1C3387A0009B8B6B /* SQLite.xcodeproj */;
			proxyType = 2;
			remoteGlobalIDString = DC2B29E21B26F718001C60EA;
			remoteInfo = "SQLite iOS";
		};
		059BB06C1C3387A0009B8B6B /* PBXContainerItemProxy */ = {
			isa = PBXContainerItemProxy;
			containerPortal = 059BB05E1C3387A0009B8B6B /* SQLite.xcodeproj */;
			proxyType = 2;
			remoteGlobalIDString = DC2B29EC1B26F718001C60EA;
			remoteInfo = "SQLite iOS Tests";
		};
		059BB06E1C3387A0009B8B6B /* PBXContainerItemProxy */ = {
			isa = PBXContainerItemProxy;
			containerPortal = 059BB05E1C3387A0009B8B6B /* SQLite.xcodeproj */;
			proxyType = 2;
			remoteGlobalIDString = DC7253AC1B52ADEB009B38B1;
			remoteInfo = "SQLite Mac";
		};
		059BB0701C3387A0009B8B6B /* PBXContainerItemProxy */ = {
			isa = PBXContainerItemProxy;
			containerPortal = 059BB05E1C3387A0009B8B6B /* SQLite.xcodeproj */;
			proxyType = 2;
			remoteGlobalIDString = DC7253B51B52ADEC009B38B1;
			remoteInfo = "SQLite Mac Tests";
		};
		059BB0721C3387A0009B8B6B /* PBXContainerItemProxy */ = {
			isa = PBXContainerItemProxy;
			containerPortal = 059BB05E1C3387A0009B8B6B /* SQLite.xcodeproj */;
			proxyType = 2;
			remoteGlobalIDString = DCE7BB7A1B7434F90040D364;
			remoteInfo = "SQLiteCipher iOS";
		};
		059BB0741C3387A0009B8B6B /* PBXContainerItemProxy */ = {
			isa = PBXContainerItemProxy;
			containerPortal = 059BB05E1C3387A0009B8B6B /* SQLite.xcodeproj */;
			proxyType = 2;
			remoteGlobalIDString = DCE7BB831B7434F90040D364;
			remoteInfo = "SQLiteCipher iOS Tests";
		};
		059BB0761C3387A0009B8B6B /* PBXContainerItemProxy */ = {
			isa = PBXContainerItemProxy;
			containerPortal = 059BB05E1C3387A0009B8B6B /* SQLite.xcodeproj */;
			proxyType = 2;
			remoteGlobalIDString = DCE7BBB01B7438610040D364;
			remoteInfo = "SQLiteCipher Mac";
		};
		059BB0781C3387A0009B8B6B /* PBXContainerItemProxy */ = {
			isa = PBXContainerItemProxy;
			containerPortal = 059BB05E1C3387A0009B8B6B /* SQLite.xcodeproj */;
			proxyType = 2;
			remoteGlobalIDString = DCE7BBB91B7438620040D364;
			remoteInfo = "SQLiteCipher Mac Tests";
		};
/* End PBXContainerItemProxy section */

/* Begin PBXFileReference section */
		059BB0361C3381D2009B8B6B /* SqliteSwift.app */ = {isa = PBXFileReference; explicitFileType = wrapper.application; includeInIndex = 0; path = SqliteSwift.app; sourceTree = BUILT_PRODUCTS_DIR; };
		059BB03A1C3381D2009B8B6B /* Info.plist */ = {isa = PBXFileReference; lastKnownFileType = text.plist.xml; path = Info.plist; sourceTree = "<group>"; };
		059BB03B1C3381D2009B8B6B /* AppDelegate.swift */ = {isa = PBXFileReference; lastKnownFileType = sourcecode.swift; path = AppDelegate.swift; sourceTree = "<group>"; };
		059BB03E1C3381D2009B8B6B /* SqliteSwift.xcdatamodel */ = {isa = PBXFileReference; lastKnownFileType = wrapper.xcdatamodel; path = SqliteSwift.xcdatamodel; sourceTree = "<group>"; };
		059BB0401C3381D2009B8B6B /* ViewController.swift */ = {isa = PBXFileReference; lastKnownFileType = sourcecode.swift; path = ViewController.swift; sourceTree = "<group>"; };
		059BB0431C3381D2009B8B6B /* Base */ = {isa = PBXFileReference; lastKnownFileType = file.storyboard; name = Base; path = Base.lproj/Main.storyboard; sourceTree = "<group>"; };
		059BB0451C3381D2009B8B6B /* Images.xcassets */ = {isa = PBXFileReference; lastKnownFileType = folder.assetcatalog; path = Images.xcassets; sourceTree = "<group>"; };
		059BB0481C3381D2009B8B6B /* Base */ = {isa = PBXFileReference; lastKnownFileType = file.xib; name = Base; path = Base.lproj/LaunchScreen.xib; sourceTree = "<group>"; };
		059BB04E1C3381D2009B8B6B /* SqliteSwiftTests.xctest */ = {isa = PBXFileReference; explicitFileType = wrapper.cfbundle; includeInIndex = 0; path = SqliteSwiftTests.xctest; sourceTree = BUILT_PRODUCTS_DIR; };
		059BB0531C3381D2009B8B6B /* Info.plist */ = {isa = PBXFileReference; lastKnownFileType = text.plist.xml; path = Info.plist; sourceTree = "<group>"; };
		059BB0541C3381D2009B8B6B /* SqliteSwiftTests.swift */ = {isa = PBXFileReference; lastKnownFileType = sourcecode.swift; path = SqliteSwiftTests.swift; sourceTree = "<group>"; };
		059BB05E1C3387A0009B8B6B /* SQLite.xcodeproj */ = {isa = PBXFileReference; lastKnownFileType = "wrapper.pb-project"; name = SQLite.xcodeproj; path = ../../../SQLite.swift/SQLite.xcodeproj; sourceTree = "<group>"; };
		367DD1423B339636B281414E /* Pods.framework */ = {isa = PBXFileReference; explicitFileType = wrapper.framework; includeInIndex = 0; path = Pods.framework; sourceTree = BUILT_PRODUCTS_DIR; };
		AAF2FE6FF0288EA4A8E1C097 /* Pods.release.xcconfig */ = {isa = PBXFileReference; includeInIndex = 1; lastKnownFileType = text.xcconfig; name = Pods.release.xcconfig; path = "Pods/Target Support Files/Pods/Pods.release.xcconfig"; sourceTree = "<group>"; };
		B1AE8C5D4DC536511A1F04DA /* Pods.debug.xcconfig */ = {isa = PBXFileReference; includeInIndex = 1; lastKnownFileType = text.xcconfig; name = Pods.debug.xcconfig; path = "Pods/Target Support Files/Pods/Pods.debug.xcconfig"; sourceTree = "<group>"; };
/* End PBXFileReference section */

/* Begin PBXFrameworksBuildPhase section */
		059BB0331C3381D2009B8B6B /* Frameworks */ = {
			isa = PBXFrameworksBuildPhase;
			buildActionMask = 2147483647;
			files = (
				059BB07A1C3387ED009B8B6B /* SQLite.framework in Frameworks */,
				DBE00303501202935F0D2BBB /* Pods.framework in Frameworks */,
			);
			runOnlyForDeploymentPostprocessing = 0;
		};
		059BB04B1C3381D2009B8B6B /* Frameworks */ = {
			isa = PBXFrameworksBuildPhase;
			buildActionMask = 2147483647;
			files = (
			);
			runOnlyForDeploymentPostprocessing = 0;
		};
/* End PBXFrameworksBuildPhase section */

/* Begin PBXGroup section */
		059BB02D1C3381D2009B8B6B = {
			isa = PBXGroup;
			children = (
				059BB0381C3381D2009B8B6B /* SqliteSwift */,
				059BB0511C3381D2009B8B6B /* SqliteSwiftTests */,
				059BB0371C3381D2009B8B6B /* Products */,
				FCEE243DE0B2785C2BD10E53 /* Pods */,
				6A20BD5B807E49466ADC6C0F /* Frameworks */,
			);
			sourceTree = "<group>";
		};
		059BB0371C3381D2009B8B6B /* Products */ = {
			isa = PBXGroup;
			children = (
				059BB0361C3381D2009B8B6B /* SqliteSwift.app */,
				059BB04E1C3381D2009B8B6B /* SqliteSwiftTests.xctest */,
			);
			name = Products;
			sourceTree = "<group>";
		};
		059BB0381C3381D2009B8B6B /* SqliteSwift */ = {
			isa = PBXGroup;
			children = (
				059BB03B1C3381D2009B8B6B /* AppDelegate.swift */,
				059BB0401C3381D2009B8B6B /* ViewController.swift */,
				059BB0421C3381D2009B8B6B /* Main.storyboard */,
				059BB0451C3381D2009B8B6B /* Images.xcassets */,
				059BB0471C3381D2009B8B6B /* LaunchScreen.xib */,
				059BB03D1C3381D2009B8B6B /* SqliteSwift.xcdatamodeld */,
				059BB0391C3381D2009B8B6B /* Supporting Files */,
			);
			path = SqliteSwift;
			sourceTree = "<group>";
		};
		059BB0391C3381D2009B8B6B /* Supporting Files */ = {
			isa = PBXGroup;
			children = (
				059BB03A1C3381D2009B8B6B /* Info.plist */,
			);
			name = "Supporting Files";
			sourceTree = "<group>";
		};
		059BB0511C3381D2009B8B6B /* SqliteSwiftTests */ = {
			isa = PBXGroup;
			children = (
				059BB0541C3381D2009B8B6B /* SqliteSwiftTests.swift */,
				059BB0521C3381D2009B8B6B /* Supporting Files */,
			);
			path = SqliteSwiftTests;
			sourceTree = "<group>";
		};
		059BB0521C3381D2009B8B6B /* Supporting Files */ = {
			isa = PBXGroup;
			children = (
				059BB0531C3381D2009B8B6B /* Info.plist */,
			);
			name = "Supporting Files";
			sourceTree = "<group>";
		};
		059BB05F1C3387A0009B8B6B /* Products */ = {
			isa = PBXGroup;
			children = (
				059BB06B1C3387A0009B8B6B /* SQLite.framework */,
				059BB06D1C3387A0009B8B6B /* SQLite iOS Tests.xctest */,
				059BB06F1C3387A0009B8B6B /* SQLite.framework */,
				059BB0711C3387A0009B8B6B /* SQLite Mac Tests.xctest */,
				059BB0731C3387A0009B8B6B /* SQLiteCipher.framework */,
				059BB0751C3387A0009B8B6B /* SQLiteCipher iOS Tests.xctest */,
				059BB0771C3387A0009B8B6B /* SQLiteCipher.framework */,
				059BB0791C3387A0009B8B6B /* SQLiteCipher Mac Tests.xctest */,
			);
			name = Products;
			sourceTree = "<group>";
		};
		6A20BD5B807E49466ADC6C0F /* Frameworks */ = {
			isa = PBXGroup;
			children = (
				059BB05E1C3387A0009B8B6B /* SQLite.xcodeproj */,
				367DD1423B339636B281414E /* Pods.framework */,
			);
			name = Frameworks;
			sourceTree = "<group>";
		};
		FCEE243DE0B2785C2BD10E53 /* Pods */ = {
			isa = PBXGroup;
			children = (
				B1AE8C5D4DC536511A1F04DA /* Pods.debug.xcconfig */,
				AAF2FE6FF0288EA4A8E1C097 /* Pods.release.xcconfig */,
			);
			name = Pods;
			sourceTree = "<group>";
		};
/* End PBXGroup section */

/* Begin PBXNativeTarget section */
		059BB0351C3381D2009B8B6B /* SqliteSwift */ = {
			isa = PBXNativeTarget;
			buildConfigurationList = 059BB0581C3381D2009B8B6B /* Build configuration list for PBXNativeTarget "SqliteSwift" */;
			buildPhases = (
				68E027CD75E223E19CF14B9C /* Check Pods Manifest.lock */,
				059BB0321C3381D2009B8B6B /* Sources */,
				059BB0331C3381D2009B8B6B /* Frameworks */,
				059BB0341C3381D2009B8B6B /* Resources */,
				FD62CC7F1E37ED297B662A02 /* Embed Pods Frameworks */,
				A69C03ACFBFC3F1D26CD5BDF /* Copy Pods Resources */,
			);
			buildRules = (
			);
			dependencies = (
			);
			name = SqliteSwift;
			productName = SqliteSwift;
			productReference = 059BB0361C3381D2009B8B6B /* SqliteSwift.app */;
			productType = "com.apple.product-type.application";
		};
		059BB04D1C3381D2009B8B6B /* SqliteSwiftTests */ = {
			isa = PBXNativeTarget;
			buildConfigurationList = 059BB05B1C3381D2009B8B6B /* Build configuration list for PBXNativeTarget "SqliteSwiftTests" */;
			buildPhases = (
				059BB04A1C3381D2009B8B6B /* Sources */,
				059BB04B1C3381D2009B8B6B /* Frameworks */,
				059BB04C1C3381D2009B8B6B /* Resources */,
			);
			buildRules = (
			);
			dependencies = (
				059BB0501C3381D2009B8B6B /* PBXTargetDependency */,
			);
			name = SqliteSwiftTests;
			productName = SqliteSwiftTests;
			productReference = 059BB04E1C3381D2009B8B6B /* SqliteSwiftTests.xctest */;
			productType = "com.apple.product-type.bundle.unit-test";
		};
/* End PBXNativeTarget section */

/* Begin PBXProject section */
		059BB02E1C3381D2009B8B6B /* Project object */ = {
			isa = PBXProject;
			attributes = {
				LastUpgradeCheck = 0630;
				ORGANIZATIONNAME = "Thanh Pham";
				TargetAttributes = {
					059BB0351C3381D2009B8B6B = {
						CreatedOnToolsVersion = 6.3.1;
					};
					059BB04D1C3381D2009B8B6B = {
						CreatedOnToolsVersion = 6.3.1;
						TestTargetID = 059BB0351C3381D2009B8B6B;
					};
				};
			};
			buildConfigurationList = 059BB0311C3381D2009B8B6B /* Build configuration list for PBXProject "SqliteSwift" */;
			compatibilityVersion = "Xcode 3.2";
			developmentRegion = English;
			hasScannedForEncodings = 0;
			knownRegions = (
				en,
				Base,
			);
			mainGroup = 059BB02D1C3381D2009B8B6B;
			productRefGroup = 059BB0371C3381D2009B8B6B /* Products */;
			projectDirPath = "";
			projectReferences = (
				{
					ProductGroup = 059BB05F1C3387A0009B8B6B /* Products */;
					ProjectRef = 059BB05E1C3387A0009B8B6B /* SQLite.xcodeproj */;
				},
			);
			projectRoot = "";
			targets = (
				059BB0351C3381D2009B8B6B /* SqliteSwift */,
				059BB04D1C3381D2009B8B6B /* SqliteSwiftTests */,
			);
		};
/* End PBXProject section */

/* Begin PBXReferenceProxy section */
		059BB06B1C3387A0009B8B6B /* SQLite.framework */ = {
			isa = PBXReferenceProxy;
			fileType = wrapper.framework;
			path = SQLite.framework;
			remoteRef = 059BB06A1C3387A0009B8B6B /* PBXContainerItemProxy */;
			sourceTree = BUILT_PRODUCTS_DIR;
		};
		059BB06D1C3387A0009B8B6B /* SQLite iOS Tests.xctest */ = {
			isa = PBXReferenceProxy;
			fileType = wrapper.cfbundle;
			path = "SQLite iOS Tests.xctest";
			remoteRef = 059BB06C1C3387A0009B8B6B /* PBXContainerItemProxy */;
			sourceTree = BUILT_PRODUCTS_DIR;
		};
		059BB06F1C3387A0009B8B6B /* SQLite.framework */ = {
			isa = PBXReferenceProxy;
			fileType = wrapper.framework;
			path = SQLite.framework;
			remoteRef = 059BB06E1C3387A0009B8B6B /* PBXContainerItemProxy */;
			sourceTree = BUILT_PRODUCTS_DIR;
		};
		059BB0711C3387A0009B8B6B /* SQLite Mac Tests.xctest */ = {
			isa = PBXReferenceProxy;
			fileType = wrapper.cfbundle;
			path = "SQLite Mac Tests.xctest";
			remoteRef = 059BB0701C3387A0009B8B6B /* PBXContainerItemProxy */;
			sourceTree = BUILT_PRODUCTS_DIR;
		};
		059BB0731C3387A0009B8B6B /* SQLiteCipher.framework */ = {
			isa = PBXReferenceProxy;
			fileType = wrapper.framework;
			path = SQLiteCipher.framework;
			remoteRef = 059BB0721C3387A0009B8B6B /* PBXContainerItemProxy */;
			sourceTree = BUILT_PRODUCTS_DIR;
		};
		059BB0751C3387A0009B8B6B /* SQLiteCipher iOS Tests.xctest */ = {
			isa = PBXReferenceProxy;
			fileType = wrapper.cfbundle;
			path = "SQLiteCipher iOS Tests.xctest";
			remoteRef = 059BB0741C3387A0009B8B6B /* PBXContainerItemProxy */;
			sourceTree = BUILT_PRODUCTS_DIR;
		};
		059BB0771C3387A0009B8B6B /* SQLiteCipher.framework */ = {
			isa = PBXReferenceProxy;
			fileType = wrapper.framework;
			path = SQLiteCipher.framework;
			remoteRef = 059BB0761C3387A0009B8B6B /* PBXContainerItemProxy */;
			sourceTree = BUILT_PRODUCTS_DIR;
		};
		059BB0791C3387A0009B8B6B /* SQLiteCipher Mac Tests.xctest */ = {
			isa = PBXReferenceProxy;
			fileType = wrapper.cfbundle;
			path = "SQLiteCipher Mac Tests.xctest";
			remoteRef = 059BB0781C3387A0009B8B6B /* PBXContainerItemProxy */;
			sourceTree = BUILT_PRODUCTS_DIR;
		};
/* End PBXReferenceProxy section */

/* Begin PBXResourcesBuildPhase section */
		059BB0341C3381D2009B8B6B /* Resources */ = {
			isa = PBXResourcesBuildPhase;
			buildActionMask = 2147483647;
			files = (
				059BB0441C3381D2009B8B6B /* Main.storyboard in Resources */,
				059BB0491C3381D2009B8B6B /* LaunchScreen.xib in Resources */,
				059BB0461C3381D2009B8B6B /* Images.xcassets in Resources */,
			);
			runOnlyForDeploymentPostprocessing = 0;
		};
		059BB04C1C3381D2009B8B6B /* Resources */ = {
			isa = PBXResourcesBuildPhase;
			buildActionMask = 2147483647;
			files = (
			);
			runOnlyForDeploymentPostprocessing = 0;
		};
/* End PBXResourcesBuildPhase section */

/* Begin PBXShellScriptBuildPhase section */
		68E027CD75E223E19CF14B9C /* Check Pods Manifest.lock */ = {
			isa = PBXShellScriptBuildPhase;
			buildActionMask = 2147483647;
			files = (
			);
			inputPaths = (
			);
			name = "Check Pods Manifest.lock";
			outputPaths = (
			);
			runOnlyForDeploymentPostprocessing = 0;
			shellPath = /bin/sh;
			shellScript = "diff \"${PODS_ROOT}/../Podfile.lock\" \"${PODS_ROOT}/Manifest.lock\" > /dev/null\nif [[ $? != 0 ]] ; then\n    cat << EOM\nerror: The sandbox is not in sync with the Podfile.lock. Run 'pod install' or update your CocoaPods installation.\nEOM\n    exit 1\nfi\n";
			showEnvVarsInLog = 0;
		};
		A69C03ACFBFC3F1D26CD5BDF /* Copy Pods Resources */ = {
			isa = PBXShellScriptBuildPhase;
			buildActionMask = 2147483647;
			files = (
			);
			inputPaths = (
			);
			name = "Copy Pods Resources";
			outputPaths = (
			);
			runOnlyForDeploymentPostprocessing = 0;
			shellPath = /bin/sh;
			shellScript = "\"${SRCROOT}/Pods/Target Support Files/Pods/Pods-resources.sh\"\n";
			showEnvVarsInLog = 0;
		};
		FD62CC7F1E37ED297B662A02 /* Embed Pods Frameworks */ = {
			isa = PBXShellScriptBuildPhase;
			buildActionMask = 2147483647;
			files = (
			);
			inputPaths = (
			);
			name = "Embed Pods Frameworks";
			outputPaths = (
			);
			runOnlyForDeploymentPostprocessing = 0;
			shellPath = /bin/sh;
			shellScript = "\"${SRCROOT}/Pods/Target Support Files/Pods/Pods-frameworks.sh\"\n";
			showEnvVarsInLog = 0;
		};
/* End PBXShellScriptBuildPhase section */

/* Begin PBXSourcesBuildPhase section */
		059BB0321C3381D2009B8B6B /* Sources */ = {
			isa = PBXSourcesBuildPhase;
			buildActionMask = 2147483647;
			files = (
				059BB0411C3381D2009B8B6B /* ViewController.swift in Sources */,
				059BB03C1C3381D2009B8B6B /* AppDelegate.swift in Sources */,
				059BB03F1C3381D2009B8B6B /* SqliteSwift.xcdatamodeld in Sources */,
			);
			runOnlyForDeploymentPostprocessing = 0;
		};
		059BB04A1C3381D2009B8B6B /* Sources */ = {
			isa = PBXSourcesBuildPhase;
			buildActionMask = 2147483647;
			files = (
				059BB0551C3381D2009B8B6B /* SqliteSwiftTests.swift in Sources */,
			);
			runOnlyForDeploymentPostprocessing = 0;
		};
/* End PBXSourcesBuildPhase section */

/* Begin PBXTargetDependency section */
		059BB0501C3381D2009B8B6B /* PBXTargetDependency */ = {
			isa = PBXTargetDependency;
			target = 059BB0351C3381D2009B8B6B /* SqliteSwift */;
			targetProxy = 059BB04F1C3381D2009B8B6B /* PBXContainerItemProxy */;
		};
/* End PBXTargetDependency section */

/* Begin PBXVariantGroup section */
		059BB0421C3381D2009B8B6B /* Main.storyboard */ = {
			isa = PBXVariantGroup;
			children = (
				059BB0431C3381D2009B8B6B /* Base */,
			);
			name = Main.storyboard;
			sourceTree = "<group>";
		};
		059BB0471C3381D2009B8B6B /* LaunchScreen.xib */ = {
			isa = PBXVariantGroup;
			children = (
				059BB0481C3381D2009B8B6B /* Base */,
			);
			name = LaunchScreen.xib;
			sourceTree = "<group>";
		};
/* End PBXVariantGroup section */

/* Begin XCBuildConfiguration section */
		059BB0561C3381D2009B8B6B /* Debug */ = {
			isa = XCBuildConfiguration;
			buildSettings = {
				ALWAYS_SEARCH_USER_PATHS = NO;
				CLANG_CXX_LANGUAGE_STANDARD = "gnu++0x";
				CLANG_CXX_LIBRARY = "libc++";
				CLANG_ENABLE_MODULES = YES;
				CLANG_ENABLE_OBJC_ARC = YES;
				CLANG_WARN_BOOL_CONVERSION = YES;
				CLANG_WARN_CONSTANT_CONVERSION = YES;
				CLANG_WARN_DIRECT_OBJC_ISA_USAGE = YES_ERROR;
				CLANG_WARN_EMPTY_BODY = YES;
				CLANG_WARN_ENUM_CONVERSION = YES;
				CLANG_WARN_INT_CONVERSION = YES;
				CLANG_WARN_OBJC_ROOT_CLASS = YES_ERROR;
				CLANG_WARN_UNREACHABLE_CODE = YES;
				CLANG_WARN__DUPLICATE_METHOD_MATCH = YES;
				"CODE_SIGN_IDENTITY[sdk=iphoneos*]" = "iPhone Developer";
				COPY_PHASE_STRIP = NO;
				DEBUG_INFORMATION_FORMAT = "dwarf-with-dsym";
				ENABLE_STRICT_OBJC_MSGSEND = YES;
				GCC_C_LANGUAGE_STANDARD = gnu99;
				GCC_DYNAMIC_NO_PIC = NO;
				GCC_NO_COMMON_BLOCKS = YES;
				GCC_OPTIMIZATION_LEVEL = 0;
				GCC_PREPROCESSOR_DEFINITIONS = (
					"DEBUG=1",
					"$(inherited)",
				);
				GCC_SYMBOLS_PRIVATE_EXTERN = NO;
				GCC_WARN_64_TO_32_BIT_CONVERSION = YES;
				GCC_WARN_ABOUT_RETURN_TYPE = YES_ERROR;
				GCC_WARN_UNDECLARED_SELECTOR = YES;
				GCC_WARN_UNINITIALIZED_AUTOS = YES_AGGRESSIVE;
				GCC_WARN_UNUSED_FUNCTION = YES;
				GCC_WARN_UNUSED_VARIABLE = YES;
				IPHONEOS_DEPLOYMENT_TARGET = 8.3;
				MTL_ENABLE_DEBUG_INFO = YES;
				ONLY_ACTIVE_ARCH = YES;
				SDKROOT = iphoneos;
				SWIFT_OPTIMIZATION_LEVEL = "-Onone";
			};
			name = Debug;
		};
		059BB0571C3381D2009B8B6B /* Release */ = {
			isa = XCBuildConfiguration;
			buildSettings = {
				ALWAYS_SEARCH_USER_PATHS = NO;
				CLANG_CXX_LANGUAGE_STANDARD = "gnu++0x";
				CLANG_CXX_LIBRARY = "libc++";
				CLANG_ENABLE_MODULES = YES;
				CLANG_ENABLE_OBJC_ARC = YES;
				CLANG_WARN_BOOL_CONVERSION = YES;
				CLANG_WARN_CONSTANT_CONVERSION = YES;
				CLANG_WARN_DIRECT_OBJC_ISA_USAGE = YES_ERROR;
				CLANG_WARN_EMPTY_BODY = YES;
				CLANG_WARN_ENUM_CONVERSION = YES;
				CLANG_WARN_INT_CONVERSION = YES;
				CLANG_WARN_OBJC_ROOT_CLASS = YES_ERROR;
				CLANG_WARN_UNREACHABLE_CODE = YES;
				CLANG_WARN__DUPLICATE_METHOD_MATCH = YES;
				"CODE_SIGN_IDENTITY[sdk=iphoneos*]" = "iPhone Developer";
				COPY_PHASE_STRIP = NO;
				DEBUG_INFORMATION_FORMAT = "dwarf-with-dsym";
				ENABLE_NS_ASSERTIONS = NO;
				ENABLE_STRICT_OBJC_MSGSEND = YES;
				GCC_C_LANGUAGE_STANDARD = gnu99;
				GCC_NO_COMMON_BLOCKS = YES;
				GCC_WARN_64_TO_32_BIT_CONVERSION = YES;
				GCC_WARN_ABOUT_RETURN_TYPE = YES_ERROR;
				GCC_WARN_UNDECLARED_SELECTOR = YES;
				GCC_WARN_UNINITIALIZED_AUTOS = YES_AGGRESSIVE;
				GCC_WARN_UNUSED_FUNCTION = YES;
				GCC_WARN_UNUSED_VARIABLE = YES;
				IPHONEOS_DEPLOYMENT_TARGET = 8.3;
				MTL_ENABLE_DEBUG_INFO = NO;
				SDKROOT = iphoneos;
				VALIDATE_PRODUCT = YES;
			};
			name = Release;
		};
		059BB0591C3381D2009B8B6B /* Debug */ = {
			isa = XCBuildConfiguration;
			baseConfigurationReference = B1AE8C5D4DC536511A1F04DA /* Pods.debug.xcconfig */;
			buildSettings = {
				ASSETCATALOG_COMPILER_APPICON_NAME = AppIcon;
				INFOPLIST_FILE = SqliteSwift/Info.plist;
				LD_RUNPATH_SEARCH_PATHS = "$(inherited) @executable_path/Frameworks";
				PRODUCT_NAME = "$(TARGET_NAME)";
			};
			name = Debug;
		};
		059BB05A1C3381D2009B8B6B /* Release */ = {
			isa = XCBuildConfiguration;
			baseConfigurationReference = AAF2FE6FF0288EA4A8E1C097 /* Pods.release.xcconfig */;
			buildSettings = {
				ASSETCATALOG_COMPILER_APPICON_NAME = AppIcon;
				INFOPLIST_FILE = SqliteSwift/Info.plist;
				LD_RUNPATH_SEARCH_PATHS = "$(inherited) @executable_path/Frameworks";
				PRODUCT_NAME = "$(TARGET_NAME)";
			};
			name = Release;
		};
		059BB05C1C3381D2009B8B6B /* Debug */ = {
			isa = XCBuildConfiguration;
			buildSettings = {
				BUNDLE_LOADER = "$(TEST_HOST)";
				FRAMEWORK_SEARCH_PATHS = (
					"$(SDKROOT)/Developer/Library/Frameworks",
					"$(inherited)",
				);
				GCC_PREPROCESSOR_DEFINITIONS = (
					"DEBUG=1",
					"$(inherited)",
				);
				INFOPLIST_FILE = SqliteSwiftTests/Info.plist;
				LD_RUNPATH_SEARCH_PATHS = "$(inherited) @executable_path/Frameworks @loader_path/Frameworks";
				PRODUCT_NAME = "$(TARGET_NAME)";
				TEST_HOST = "$(BUILT_PRODUCTS_DIR)/SqliteSwift.app/SqliteSwift";
			};
			name = Debug;
		};
		059BB05D1C3381D2009B8B6B /* Release */ = {
			isa = XCBuildConfiguration;
			buildSettings = {
				BUNDLE_LOADER = "$(TEST_HOST)";
				FRAMEWORK_SEARCH_PATHS = (
					"$(SDKROOT)/Developer/Library/Frameworks",
					"$(inherited)",
				);
				INFOPLIST_FILE = SqliteSwiftTests/Info.plist;
				LD_RUNPATH_SEARCH_PATHS = "$(inherited) @executable_path/Frameworks @loader_path/Frameworks";
				PRODUCT_NAME = "$(TARGET_NAME)";
				TEST_HOST = "$(BUILT_PRODUCTS_DIR)/SqliteSwift.app/SqliteSwift";
			};
			name = Release;
		};
/* End XCBuildConfiguration section */

/* Begin XCConfigurationList section */
		059BB0311C3381D2009B8B6B /* Build configuration list for PBXProject "SqliteSwift" */ = {
			isa = XCConfigurationList;
			buildConfigurations = (
				059BB0561C3381D2009B8B6B /* Debug */,
				059BB0571C3381D2009B8B6B /* Release */,
			);
			defaultConfigurationIsVisible = 0;
			defaultConfigurationName = Release;
		};
		059BB0581C3381D2009B8B6B /* Build configuration list for PBXNativeTarget "SqliteSwift" */ = {
			isa = XCConfigurationList;
			buildConfigurations = (
				059BB0591C3381D2009B8B6B /* Debug */,
				059BB05A1C3381D2009B8B6B /* Release */,
			);
			defaultConfigurationIsVisible = 0;
			defaultConfigurationName = Release;
		};
		059BB05B1C3381D2009B8B6B /* Build configuration list for PBXNativeTarget "SqliteSwiftTests" */ = {
			isa = XCConfigurationList;
			buildConfigurations = (
				059BB05C1C3381D2009B8B6B /* Debug */,
				059BB05D1C3381D2009B8B6B /* Release */,
			);
			defaultConfigurationIsVisible = 0;
			defaultConfigurationName = Release;
		};
/* End XCConfigurationList section */

/* Begin XCVersionGroup section */
		059BB03D1C3381D2009B8B6B /* SqliteSwift.xcdatamodeld */ = {
			isa = XCVersionGroup;
			children = (
				059BB03E1C3381D2009B8B6B /* SqliteSwift.xcdatamodel */,
			);
			currentVersion = 059BB03E1C3381D2009B8B6B /* SqliteSwift.xcdatamodel */;
			path = SqliteSwift.xcdatamodeld;
			sourceTree = "<group>";
			versionGroupType = wrapper.xcdatamodel;
		};
/* End XCVersionGroup section */
	};
	rootObject = 059BB02E1C3381D2009B8B6B /* Project object */;
}
