// !$*UTF8*$!
{
	archiveVersion = 1;
	classes = {
	};
	objectVersion = 46;
	objects = {

/* Begin PBXBuildFile section */
		051CB2491BFDB093000C1D93 /* AppDelegate.swift in Sources */ = {isa = PBXBuildFile; fileRef = 051CB2481BFDB093000C1D93 /* AppDelegate.swift */; };
		051CB24B1BFDB093000C1D93 /* ViewController.swift in Sources */ = {isa = PBXBuildFile; fileRef = 051CB24A1BFDB093000C1D93 /* ViewController.swift */; };
		051CB24E1BFDB093000C1D93 /* Main.storyboard in Resources */ = {isa = PBXBuildFile; fileRef = 051CB24C1BFDB093000C1D93 /* Main.storyboard */; };
		051CB2501BFDB093000C1D93 /* Images.xcassets in Resources */ = {isa = PBXBuildFile; fileRef = 051CB24F1BFDB093000C1D93 /* Images.xcassets */; };
		051CB2531BFDB093000C1D93 /* LaunchScreen.xib in Resources */ = {isa = PBXBuildFile; fileRef = 051CB2511BFDB093000C1D93 /* LaunchScreen.xib */; };
		051CB25F1BFDB093000C1D93 /* AutolayoutPart1Tests.swift in Sources */ = {isa = PBXBuildFile; fileRef = 051CB25E1BFDB093000C1D93 /* AutolayoutPart1Tests.swift */; };
/* End PBXBuildFile section */

/* Begin PBXContainerItemProxy section */
		051CB2591BFDB093000C1D93 /* PBXContainerItemProxy */ = {
			isa = PBXContainerItemProxy;
			containerPortal = 051CB23B1BFDB093000C1D93 /* Project object */;
			proxyType = 1;
			remoteGlobalIDString = 051CB2421BFDB093000C1D93;
			remoteInfo = AutolayoutPart1;
		};
/* End PBXContainerItemProxy section */

/* Begin PBXFileReference section */
		051CB2431BFDB093000C1D93 /* AutolayoutPart1.app */ = {isa = PBXFileReference; explicitFileType = wrapper.application; includeInIndex = 0; path = AutolayoutPart1.app; sourceTree = BUILT_PRODUCTS_DIR; };
		051CB2471BFDB093000C1D93 /* Info.plist */ = {isa = PBXFileReference; lastKnownFileType = text.plist.xml; path = Info.plist; sourceTree = "<group>"; };
		051CB2481BFDB093000C1D93 /* AppDelegate.swift */ = {isa = PBXFileReference; lastKnownFileType = sourcecode.swift; path = AppDelegate.swift; sourceTree = "<group>"; };
		051CB24A1BFDB093000C1D93 /* ViewController.swift */ = {isa = PBXFileReference; lastKnownFileType = sourcecode.swift; path = ViewController.swift; sourceTree = "<group>"; };
		051CB24D1BFDB093000C1D93 /* Base */ = {isa = PBXFileReference; lastKnownFileType = file.storyboard; name = Base; path = Base.lproj/Main.storyboard; sourceTree = "<group>"; };
		051CB24F1BFDB093000C1D93 /* Images.xcassets */ = {isa = PBXFileReference; lastKnownFileType = folder.assetcatalog; path = Images.xcassets; sourceTree = "<group>"; };
		051CB2521BFDB093000C1D93 /* Base */ = {isa = PBXFileReference; lastKnownFileType = file.xib; name = Base; path = Base.lproj/LaunchScreen.xib; sourceTree = "<group>"; };
		051CB2581BFDB093000C1D93 /* AutolayoutPart1Tests.xctest */ = {isa = PBXFileReference; explicitFileType = wrapper.cfbundle; includeInIndex = 0; path = AutolayoutPart1Tests.xctest; sourceTree = BUILT_PRODUCTS_DIR; };
		051CB25D1BFDB093000C1D93 /* Info.plist */ = {isa = PBXFileReference; lastKnownFileType = text.plist.xml; path = Info.plist; sourceTree = "<group>"; };
		051CB25E1BFDB093000C1D93 /* AutolayoutPart1Tests.swift */ = {isa = PBXFileReference; lastKnownFileType = sourcecode.swift; path = AutolayoutPart1Tests.swift; sourceTree = "<group>"; };
/* End PBXFileReference section */

/* Begin PBXFrameworksBuildPhase section */
		051CB2401BFDB093000C1D93 /* Frameworks */ = {
			isa = PBXFrameworksBuildPhase;
			buildActionMask = 2147483647;
			files = (
			);
			runOnlyForDeploymentPostprocessing = 0;
		};
		051CB2551BFDB093000C1D93 /* Frameworks */ = {
			isa = PBXFrameworksBuildPhase;
			buildActionMask = 2147483647;
			files = (
			);
			runOnlyForDeploymentPostprocessing = 0;
		};
/* End PBXFrameworksBuildPhase section */

/* Begin PBXGroup section */
		051CB23A1BFDB093000C1D93 = {
			isa = PBXGroup;
			children = (
				051CB2451BFDB093000C1D93 /* AutolayoutPart1 */,
				051CB25B1BFDB093000C1D93 /* AutolayoutPart1Tests */,
				051CB2441BFDB093000C1D93 /* Products */,
			);
			sourceTree = "<group>";
		};
		051CB2441BFDB093000C1D93 /* Products */ = {
			isa = PBXGroup;
			children = (
				051CB2431BFDB093000C1D93 /* AutolayoutPart1.app */,
				051CB2581BFDB093000C1D93 /* AutolayoutPart1Tests.xctest */,
			);
			name = Products;
			sourceTree = "<group>";
		};
		051CB2451BFDB093000C1D93 /* AutolayoutPart1 */ = {
			isa = PBXGroup;
			children = (
				051CB2481BFDB093000C1D93 /* AppDelegate.swift */,
				051CB24A1BFDB093000C1D93 /* ViewController.swift */,
				051CB24C1BFDB093000C1D93 /* Main.storyboard */,
				051CB24F1BFDB093000C1D93 /* Images.xcassets */,
				051CB2511BFDB093000C1D93 /* LaunchScreen.xib */,
				051CB2461BFDB093000C1D93 /* Supporting Files */,
			);
			path = AutolayoutPart1;
			sourceTree = "<group>";
		};
		051CB2461BFDB093000C1D93 /* Supporting Files */ = {
			isa = PBXGroup;
			children = (
				051CB2471BFDB093000C1D93 /* Info.plist */,
			);
			name = "Supporting Files";
			sourceTree = "<group>";
		};
		051CB25B1BFDB093000C1D93 /* AutolayoutPart1Tests */ = {
			isa = PBXGroup;
			children = (
				051CB25E1BFDB093000C1D93 /* AutolayoutPart1Tests.swift */,
				051CB25C1BFDB093000C1D93 /* Supporting Files */,
			);
			path = AutolayoutPart1Tests;
			sourceTree = "<group>";
		};
		051CB25C1BFDB093000C1D93 /* Supporting Files */ = {
			isa = PBXGroup;
			children = (
				051CB25D1BFDB093000C1D93 /* Info.plist */,
			);
			name = "Supporting Files";
			sourceTree = "<group>";
		};
/* End PBXGroup section */

/* Begin PBXNativeTarget section */
		051CB2421BFDB093000C1D93 /* AutolayoutPart1 */ = {
			isa = PBXNativeTarget;
			buildConfigurationList = 051CB2621BFDB093000C1D93 /* Build configuration list for PBXNativeTarget "AutolayoutPart1" */;
			buildPhases = (
				051CB23F1BFDB093000C1D93 /* Sources */,
				051CB2401BFDB093000C1D93 /* Frameworks */,
				051CB2411BFDB093000C1D93 /* Resources */,
			);
			buildRules = (
			);
			dependencies = (
			);
			name = AutolayoutPart1;
			productName = AutolayoutPart1;
			productReference = 051CB2431BFDB093000C1D93 /* AutolayoutPart1.app */;
			productType = "com.apple.product-type.application";
		};
		051CB2571BFDB093000C1D93 /* AutolayoutPart1Tests */ = {
			isa = PBXNativeTarget;
			buildConfigurationList = 051CB2651BFDB093000C1D93 /* Build configuration list for PBXNativeTarget "AutolayoutPart1Tests" */;
			buildPhases = (
				051CB2541BFDB093000C1D93 /* Sources */,
				051CB2551BFDB093000C1D93 /* Frameworks */,
				051CB2561BFDB093000C1D93 /* Resources */,
			);
			buildRules = (
			);
			dependencies = (
				051CB25A1BFDB093000C1D93 /* PBXTargetDependency */,
			);
			name = AutolayoutPart1Tests;
			productName = AutolayoutPart1Tests;
			productReference = 051CB2581BFDB093000C1D93 /* AutolayoutPart1Tests.xctest */;
			productType = "com.apple.product-type.bundle.unit-test";
		};
/* End PBXNativeTarget section */

/* Begin PBXProject section */
		051CB23B1BFDB093000C1D93 /* Project object */ = {
			isa = PBXProject;
			attributes = {
				LastUpgradeCheck = 0630;
				ORGANIZATIONNAME = "Thanh Pham";
				TargetAttributes = {
					051CB2421BFDB093000C1D93 = {
						CreatedOnToolsVersion = 6.3.1;
					};
					051CB2571BFDB093000C1D93 = {
						CreatedOnToolsVersion = 6.3.1;
						TestTargetID = 051CB2421BFDB093000C1D93;
					};
				};
			};
			buildConfigurationList = 051CB23E1BFDB093000C1D93 /* Build configuration list for PBXProject "AutolayoutPart1" */;
			compatibilityVersion = "Xcode 3.2";
			developmentRegion = English;
			hasScannedForEncodings = 0;
			knownRegions = (
				en,
				Base,
			);
			mainGroup = 051CB23A1BFDB093000C1D93;
			productRefGroup = 051CB2441BFDB093000C1D93 /* Products */;
			projectDirPath = "";
			projectRoot = "";
			targets = (
				051CB2421BFDB093000C1D93 /* AutolayoutPart1 */,
				051CB2571BFDB093000C1D93 /* AutolayoutPart1Tests */,
			);
		};
/* End PBXProject section */

/* Begin PBXResourcesBuildPhase section */
		051CB2411BFDB093000C1D93 /* Resources */ = {
			isa = PBXResourcesBuildPhase;
			buildActionMask = 2147483647;
			files = (
				051CB24E1BFDB093000C1D93 /* Main.storyboard in Resources */,
				051CB2531BFDB093000C1D93 /* LaunchScreen.xib in Resources */,
				051CB2501BFDB093000C1D93 /* Images.xcassets in Resources */,
			);
			runOnlyForDeploymentPostprocessing = 0;
		};
		051CB2561BFDB093000C1D93 /* Resources */ = {
			isa = PBXResourcesBuildPhase;
			buildActionMask = 2147483647;
			files = (
			);
			runOnlyForDeploymentPostprocessing = 0;
		};
/* End PBXResourcesBuildPhase section */

/* Begin PBXSourcesBuildPhase section */
		051CB23F1BFDB093000C1D93 /* Sources */ = {
			isa = PBXSourcesBuildPhase;
			buildActionMask = 2147483647;
			files = (
				051CB24B1BFDB093000C1D93 /* ViewController.swift in Sources */,
				051CB2491BFDB093000C1D93 /* AppDelegate.swift in Sources */,
			);
			runOnlyForDeploymentPostprocessing = 0;
		};
		051CB2541BFDB093000C1D93 /* Sources */ = {
			isa = PBXSourcesBuildPhase;
			buildActionMask = 2147483647;
			files = (
				051CB25F1BFDB093000C1D93 /* AutolayoutPart1Tests.swift in Sources */,
			);
			runOnlyForDeploymentPostprocessing = 0;
		};
/* End PBXSourcesBuildPhase section */

/* Begin PBXTargetDependency section */
		051CB25A1BFDB093000C1D93 /* PBXTargetDependency */ = {
			isa = PBXTargetDependency;
			target = 051CB2421BFDB093000C1D93 /* AutolayoutPart1 */;
			targetProxy = 051CB2591BFDB093000C1D93 /* PBXContainerItemProxy */;
		};
/* End PBXTargetDependency section */

/* Begin PBXVariantGroup section */
		051CB24C1BFDB093000C1D93 /* Main.storyboard */ = {
			isa = PBXVariantGroup;
			children = (
				051CB24D1BFDB093000C1D93 /* Base */,
			);
			name = Main.storyboard;
			sourceTree = "<group>";
		};
		051CB2511BFDB093000C1D93 /* LaunchScreen.xib */ = {
			isa = PBXVariantGroup;
			children = (
				051CB2521BFDB093000C1D93 /* Base */,
			);
			name = LaunchScreen.xib;
			sourceTree = "<group>";
		};
/* End PBXVariantGroup section */

/* Begin XCBuildConfiguration section */
		051CB2601BFDB093000C1D93 /* Debug */ = {
			isa = XCBuildConfiguration;
			buildSettings = {
				ALWAYS_SEARCH_USER_PATHS = NO;
				CLANG_CXX_LANGUAGE_STANDARD = "gnu++0x";
				CLANG_CXX_LIBRARY = "libc++";
				CLANG_ENABLE_MODULES = YES;
				CLANG_ENABLE_OBJC_ARC = YES;
				CLANG_WARN_BOOL_CONVERSION = YES;
				CLANG_WARN_CONSTANT_CONVERSION = YES;
				CLANG_WARN_DIRECT_OBJC_ISA_USAGE = YES_ERROR;
				CLANG_WARN_EMPTY_BODY = YES;
				CLANG_WARN_ENUM_CONVERSION = YES;
				CLANG_WARN_INT_CONVERSION = YES;
				CLANG_WARN_OBJC_ROOT_CLASS = YES_ERROR;
				CLANG_WARN_UNREACHABLE_CODE = YES;
				CLANG_WARN__DUPLICATE_METHOD_MATCH = YES;
				"CODE_SIGN_IDENTITY[sdk=iphoneos*]" = "iPhone Developer";
				COPY_PHASE_STRIP = NO;
				DEBUG_INFORMATION_FORMAT = "dwarf-with-dsym";
				ENABLE_STRICT_OBJC_MSGSEND = YES;
				GCC_C_LANGUAGE_STANDARD = gnu99;
				GCC_DYNAMIC_NO_PIC = NO;
				GCC_NO_COMMON_BLOCKS = YES;
				GCC_OPTIMIZATION_LEVEL = 0;
				GCC_PREPROCESSOR_DEFINITIONS = (
					"DEBUG=1",
					"$(inherited)",
				);
				GCC_SYMBOLS_PRIVATE_EXTERN = NO;
				GCC_WARN_64_TO_32_BIT_CONVERSION = YES;
				GCC_WARN_ABOUT_RETURN_TYPE = YES_ERROR;
				GCC_WARN_UNDECLARED_SELECTOR = YES;
				GCC_WARN_UNINITIALIZED_AUTOS = YES_AGGRESSIVE;
				GCC_WARN_UNUSED_FUNCTION = YES;
				GCC_WARN_UNUSED_VARIABLE = YES;
				IPHONEOS_DEPLOYMENT_TARGET = 8.3;
				MTL_ENABLE_DEBUG_INFO = YES;
				ONLY_ACTIVE_ARCH = YES;
				SDKROOT = iphoneos;
				SWIFT_OPTIMIZATION_LEVEL = "-Onone";
			};
			name = Debug;
		};
		051CB2611BFDB093000C1D93 /* Release */ = {
			isa = XCBuildConfiguration;
			buildSettings = {
				ALWAYS_SEARCH_USER_PATHS = NO;
				CLANG_CXX_LANGUAGE_STANDARD = "gnu++0x";
				CLANG_CXX_LIBRARY = "libc++";
				CLANG_ENABLE_MODULES = YES;
				CLANG_ENABLE_OBJC_ARC = YES;
				CLANG_WARN_BOOL_CONVERSION = YES;
				CLANG_WARN_CONSTANT_CONVERSION = YES;
				CLANG_WARN_DIRECT_OBJC_ISA_USAGE = YES_ERROR;
				CLANG_WARN_EMPTY_BODY = YES;
				CLANG_WARN_ENUM_CONVERSION = YES;
				CLANG_WARN_INT_CONVERSION = YES;
				CLANG_WARN_OBJC_ROOT_CLASS = YES_ERROR;
				CLANG_WARN_UNREACHABLE_CODE = YES;
				CLANG_WARN__DUPLICATE_METHOD_MATCH = YES;
				"CODE_SIGN_IDENTITY[sdk=iphoneos*]" = "iPhone Developer";
				COPY_PHASE_STRIP = NO;
				DEBUG_INFORMATION_FORMAT = "dwarf-with-dsym";
				ENABLE_NS_ASSERTIONS = NO;
				ENABLE_STRICT_OBJC_MSGSEND = YES;
				GCC_C_LANGUAGE_STANDARD = gnu99;
				GCC_NO_COMMON_BLOCKS = YES;
				GCC_WARN_64_TO_32_BIT_CONVERSION = YES;
				GCC_WARN_ABOUT_RETURN_TYPE = YES_ERROR;
				GCC_WARN_UNDECLARED_SELECTOR = YES;
				GCC_WARN_UNINITIALIZED_AUTOS = YES_AGGRESSIVE;
				GCC_WARN_UNUSED_FUNCTION = YES;
				GCC_WARN_UNUSED_VARIABLE = YES;
				IPHONEOS_DEPLOYMENT_TARGET = 8.3;
				MTL_ENABLE_DEBUG_INFO = NO;
				SDKROOT = iphoneos;
				VALIDATE_PRODUCT = YES;
			};
			name = Release;
		};
		051CB2631BFDB093000C1D93 /* Debug */ = {
			isa = XCBuildConfiguration;
			buildSettings = {
				ASSETCATALOG_COMPILER_APPICON_NAME = AppIcon;
				INFOPLIST_FILE = AutolayoutPart1/Info.plist;
				IPHONEOS_DEPLOYMENT_TARGET = " ";
				LD_RUNPATH_SEARCH_PATHS = "$(inherited) @executable_path/Frameworks";
				PRODUCT_NAME = "$(TARGET_NAME)";
			};
			name = Debug;
		};
		051CB2641BFDB093000C1D93 /* Release */ = {
			isa = XCBuildConfiguration;
			buildSettings = {
				ASSETCATALOG_COMPILER_APPICON_NAME = AppIcon;
				INFOPLIST_FILE = AutolayoutPart1/Info.plist;
				IPHONEOS_DEPLOYMENT_TARGET = " ";
				LD_RUNPATH_SEARCH_PATHS = "$(inherited) @executable_path/Frameworks";
				PRODUCT_NAME = "$(TARGET_NAME)";
			};
			name = Release;
		};
		051CB2661BFDB093000C1D93 /* Debug */ = {
			isa = XCBuildConfiguration;
			buildSettings = {
				BUNDLE_LOADER = "$(TEST_HOST)";
				FRAMEWORK_SEARCH_PATHS = (
					"$(SDKROOT)/Developer/Library/Frameworks",
					"$(inherited)",
				);
				GCC_PREPROCESSOR_DEFINITIONS = (
					"DEBUG=1",
					"$(inherited)",
				);
				INFOPLIST_FILE = AutolayoutPart1Tests/Info.plist;
				LD_RUNPATH_SEARCH_PATHS = "$(inherited) @executable_path/Frameworks @loader_path/Frameworks";
				PRODUCT_NAME = "$(TARGET_NAME)";
				TEST_HOST = "$(BUILT_PRODUCTS_DIR)/AutolayoutPart1.app/AutolayoutPart1";
			};
			name = Debug;
		};
		051CB2671BFDB093000C1D93 /* Release */ = {
			isa = XCBuildConfiguration;
			buildSettings = {
				BUNDLE_LOADER = "$(TEST_HOST)";
				FRAMEWORK_SEARCH_PATHS = (
					"$(SDKROOT)/Developer/Library/Frameworks",
					"$(inherited)",
				);
				INFOPLIST_FILE = AutolayoutPart1Tests/Info.plist;
				LD_RUNPATH_SEARCH_PATHS = "$(inherited) @executable_path/Frameworks @loader_path/Frameworks";
				PRODUCT_NAME = "$(TARGET_NAME)";
				TEST_HOST = "$(BUILT_PRODUCTS_DIR)/AutolayoutPart1.app/AutolayoutPart1";
			};
			name = Release;
		};
/* End XCBuildConfiguration section */

/* Begin XCConfigurationList section */
		051CB23E1BFDB093000C1D93 /* Build configuration list for PBXProject "AutolayoutPart1" */ = {
			isa = XCConfigurationList;
			buildConfigurations = (
				051CB2601BFDB093000C1D93 /* Debug */,
				051CB2611BFDB093000C1D93 /* Release */,
			);
			defaultConfigurationIsVisible = 0;
			defaultConfigurationName = Release;
		};
		051CB2621BFDB093000C1D93 /* Build configuration list for PBXNativeTarget "AutolayoutPart1" */ = {
			isa = XCConfigurationList;
			buildConfigurations = (
				051CB2631BFDB093000C1D93 /* Debug */,
				051CB2641BFDB093000C1D93 /* Release */,
			);
			defaultConfigurationIsVisible = 0;
			defaultConfigurationName = Release;
		};
		051CB2651BFDB093000C1D93 /* Build configuration list for PBXNativeTarget "AutolayoutPart1Tests" */ = {
			isa = XCConfigurationList;
			buildConfigurations = (
				051CB2661BFDB093000C1D93 /* Debug */,
				051CB2671BFDB093000C1D93 /* Release */,
			);
			defaultConfigurationIsVisible = 0;
			defaultConfigurationName = Release;
		};
/* End XCConfigurationList section */
	};
	rootObject = 051CB23B1BFDB093000C1D93 /* Project object */;
}
