// !$*UTF8*$!
{
	archiveVersion = 1;
	classes = {
	};
	objectVersion = 46;
	objects = {

/* Begin PBXBuildFile section */
		050DB2051BE9A19C00D6BD12 /* main.m in Sources */ = {isa = PBXBuildFile; fileRef = 050DB2041BE9A19C00D6BD12 /* main.m */; };
		050DB20D1BE9A80600D6BD12 /* cal.m in Sources */ = {isa = PBXBuildFile; fileRef = 050DB20C1BE9A80600D6BD12 /* cal.m */; };
		050DB2101BE9A9B700D6BD12 /* State.m in Sources */ = {isa = PBXBuildFile; fileRef = 050DB20F1BE9A9B700D6BD12 /* State.m */; };
		050DB2131BE9B56800D6BD12 /* ConverNumber.m in Sources */ = {isa = PBXBuildFile; fileRef = 050DB2121BE9B56800D6BD12 /* ConverNumber.m */; };
/* End PBXBuildFile section */

/* Begin PBXCopyFilesBuildPhase section */
		050DB1FF1BE9A19C00D6BD12 /* CopyFiles */ = {
			isa = PBXCopyFilesBuildPhase;
			buildActionMask = 2147483647;
			dstPath = /usr/share/man/man1/;
			dstSubfolderSpec = 0;
			files = (
			);
			runOnlyForDeploymentPostprocessing = 1;
		};
/* End PBXCopyFilesBuildPhase section */

/* Begin PBXFileReference section */
		050DB2011BE9A19C00D6BD12 /* P6 */ = {isa = PBXFileReference; explicitFileType = "compiled.mach-o.executable"; includeInIndex = 0; path = P6; sourceTree = BUILT_PRODUCTS_DIR; };
		050DB2041BE9A19C00D6BD12 /* main.m */ = {isa = PBXFileReference; lastKnownFileType = sourcecode.c.objc; path = main.m; sourceTree = "<group>"; };
		050DB20B1BE9A80600D6BD12 /* cal.h */ = {isa = PBXFileReference; fileEncoding = 4; lastKnownFileType = sourcecode.c.h; path = cal.h; sourceTree = "<group>"; };
		050DB20C1BE9A80600D6BD12 /* cal.m */ = {isa = PBXFileReference; fileEncoding = 4; lastKnownFileType = sourcecode.c.objc; path = cal.m; sourceTree = "<group>"; };
		050DB20E1BE9A9B700D6BD12 /* State.h */ = {isa = PBXFileReference; fileEncoding = 4; lastKnownFileType = sourcecode.c.h; path = State.h; sourceTree = "<group>"; };
		050DB20F1BE9A9B700D6BD12 /* State.m */ = {isa = PBXFileReference; fileEncoding = 4; lastKnownFileType = sourcecode.c.objc; path = State.m; sourceTree = "<group>"; };
		050DB2111BE9B56800D6BD12 /* ConverNumber.h */ = {isa = PBXFileReference; fileEncoding = 4; lastKnownFileType = sourcecode.c.h; path = ConverNumber.h; sourceTree = "<group>"; };
		050DB2121BE9B56800D6BD12 /* ConverNumber.m */ = {isa = PBXFileReference; fileEncoding = 4; lastKnownFileType = sourcecode.c.objc; path = ConverNumber.m; sourceTree = "<group>"; };
/* End PBXFileReference section */

/* Begin PBXFrameworksBuildPhase section */
		050DB1FE1BE9A19C00D6BD12 /* Frameworks */ = {
			isa = PBXFrameworksBuildPhase;
			buildActionMask = 2147483647;
			files = (
			);
			runOnlyForDeploymentPostprocessing = 0;
		};
/* End PBXFrameworksBuildPhase section */

/* Begin PBXGroup section */
		050DB1F81BE9A19C00D6BD12 = {
			isa = PBXGroup;
			children = (
				050DB2031BE9A19C00D6BD12 /* P6 */,
				050DB2021BE9A19C00D6BD12 /* Products */,
			);
			sourceTree = "<group>";
		};
		050DB2021BE9A19C00D6BD12 /* Products */ = {
			isa = PBXGroup;
			children = (
				050DB2011BE9A19C00D6BD12 /* P6 */,
			);
			name = Products;
			sourceTree = "<group>";
		};
		050DB2031BE9A19C00D6BD12 /* P6 */ = {
			isa = PBXGroup;
			children = (
				050DB2041BE9A19C00D6BD12 /* main.m */,
				050DB20B1BE9A80600D6BD12 /* cal.h */,
				050DB20C1BE9A80600D6BD12 /* cal.m */,
				050DB20E1BE9A9B700D6BD12 /* State.h */,
				050DB20F1BE9A9B700D6BD12 /* State.m */,
				050DB2111BE9B56800D6BD12 /* ConverNumber.h */,
				050DB2121BE9B56800D6BD12 /* ConverNumber.m */,
			);
			path = P6;
			sourceTree = "<group>";
		};
/* End PBXGroup section */

/* Begin PBXNativeTarget section */
		050DB2001BE9A19C00D6BD12 /* P6 */ = {
			isa = PBXNativeTarget;
			buildConfigurationList = 050DB2081BE9A19C00D6BD12 /* Build configuration list for PBXNativeTarget "P6" */;
			buildPhases = (
				050DB1FD1BE9A19C00D6BD12 /* Sources */,
				050DB1FE1BE9A19C00D6BD12 /* Frameworks */,
				050DB1FF1BE9A19C00D6BD12 /* CopyFiles */,
			);
			buildRules = (
			);
			dependencies = (
			);
			name = P6;
			productName = P6;
			productReference = 050DB2011BE9A19C00D6BD12 /* P6 */;
			productType = "com.apple.product-type.tool";
		};
/* End PBXNativeTarget section */

/* Begin PBXProject section */
		050DB1F91BE9A19C00D6BD12 /* Project object */ = {
			isa = PBXProject;
			attributes = {
				LastUpgradeCheck = 0630;
				ORGANIZATIONNAME = "Thanh Pham";
				TargetAttributes = {
					050DB2001BE9A19C00D6BD12 = {
						CreatedOnToolsVersion = 6.3.1;
					};
				};
			};
			buildConfigurationList = 050DB1FC1BE9A19C00D6BD12 /* Build configuration list for PBXProject "P6" */;
			compatibilityVersion = "Xcode 3.2";
			developmentRegion = English;
			hasScannedForEncodings = 0;
			knownRegions = (
				en,
			);
			mainGroup = 050DB1F81BE9A19C00D6BD12;
			productRefGroup = 050DB2021BE9A19C00D6BD12 /* Products */;
			projectDirPath = "";
			projectRoot = "";
			targets = (
				050DB2001BE9A19C00D6BD12 /* P6 */,
			);
		};
/* End PBXProject section */

/* Begin PBXSourcesBuildPhase section */
		050DB1FD1BE9A19C00D6BD12 /* Sources */ = {
			isa = PBXSourcesBuildPhase;
			buildActionMask = 2147483647;
			files = (
				050DB2101BE9A9B700D6BD12 /* State.m in Sources */,
				050DB20D1BE9A80600D6BD12 /* cal.m in Sources */,
				050DB2051BE9A19C00D6BD12 /* main.m in Sources */,
				050DB2131BE9B56800D6BD12 /* ConverNumber.m in Sources */,
			);
			runOnlyForDeploymentPostprocessing = 0;
		};
/* End PBXSourcesBuildPhase section */

/* Begin XCBuildConfiguration section */
		050DB2061BE9A19C00D6BD12 /* Debug */ = {
			isa = XCBuildConfiguration;
			buildSettings = {
				ALWAYS_SEARCH_USER_PATHS = NO;
				CLANG_CXX_LANGUAGE_STANDARD = "gnu++0x";
				CLANG_CXX_LIBRARY = "libc++";
				CLANG_ENABLE_MODULES = YES;
				CLANG_ENABLE_OBJC_ARC = YES;
				CLANG_WARN_BOOL_CONVERSION = YES;
				CLANG_WARN_CONSTANT_CONVERSION = YES;
				CLANG_WARN_DIRECT_OBJC_ISA_USAGE = YES_ERROR;
				CLANG_WARN_EMPTY_BODY = YES;
				CLANG_WARN_ENUM_CONVERSION = YES;
				CLANG_WARN_INT_CONVERSION = YES;
				CLANG_WARN_OBJC_ROOT_CLASS = YES_ERROR;
				CLANG_WARN_UNREACHABLE_CODE = YES;
				CLANG_WARN__DUPLICATE_METHOD_MATCH = YES;
				COPY_PHASE_STRIP = NO;
				DEBUG_INFORMATION_FORMAT = dwarf;
				ENABLE_STRICT_OBJC_MSGSEND = YES;
				GCC_C_LANGUAGE_STANDARD = gnu99;
				GCC_DYNAMIC_NO_PIC = NO;
				GCC_NO_COMMON_BLOCKS = YES;
				GCC_OPTIMIZATION_LEVEL = 0;
				GCC_PREPROCESSOR_DEFINITIONS = (
					"DEBUG=1",
					"$(inherited)",
				);
				GCC_SYMBOLS_PRIVATE_EXTERN = NO;
				GCC_WARN_64_TO_32_BIT_CONVERSION = YES;
				GCC_WARN_ABOUT_RETURN_TYPE = YES_ERROR;
				GCC_WARN_UNDECLARED_SELECTOR = YES;
				GCC_WARN_UNINITIALIZED_AUTOS = YES_AGGRESSIVE;
				GCC_WARN_UNUSED_FUNCTION = YES;
				GCC_WARN_UNUSED_VARIABLE = YES;
				MACOSX_DEPLOYMENT_TARGET = 10.10;
				MTL_ENABLE_DEBUG_INFO = YES;
				ONLY_ACTIVE_ARCH = YES;
				SDKROOT = macosx;
			};
			name = Debug;
		};
		050DB2071BE9A19C00D6BD12 /* Release */ = {
			isa = XCBuildConfiguration;
			buildSettings = {
				ALWAYS_SEARCH_USER_PATHS = NO;
				CLANG_CXX_LANGUAGE_STANDARD = "gnu++0x";
				CLANG_CXX_LIBRARY = "libc++";
				CLANG_ENABLE_MODULES = YES;
				CLANG_ENABLE_OBJC_ARC = YES;
				CLANG_WARN_BOOL_CONVERSION = YES;
				CLANG_WARN_CONSTANT_CONVERSION = YES;
				CLANG_WARN_DIRECT_OBJC_ISA_USAGE = YES_ERROR;
				CLANG_WARN_EMPTY_BODY = YES;
				CLANG_WARN_ENUM_CONVERSION = YES;
				CLANG_WARN_INT_CONVERSION = YES;
				CLANG_WARN_OBJC_ROOT_CLASS = YES_ERROR;
				CLANG_WARN_UNREACHABLE_CODE = YES;
				CLANG_WARN__DUPLICATE_METHOD_MATCH = YES;
				COPY_PHASE_STRIP = NO;
				DEBUG_INFORMATION_FORMAT = "dwarf-with-dsym";
				ENABLE_NS_ASSERTIONS = NO;
				ENABLE_STRICT_OBJC_MSGSEND = YES;
				GCC_C_LANGUAGE_STANDARD = gnu99;
				GCC_NO_COMMON_BLOCKS = YES;
				GCC_WARN_64_TO_32_BIT_CONVERSION = YES;
				GCC_WARN_ABOUT_RETURN_TYPE = YES_ERROR;
				GCC_WARN_UNDECLARED_SELECTOR = YES;
				GCC_WARN_UNINITIALIZED_AUTOS = YES_AGGRESSIVE;
				GCC_WARN_UNUSED_FUNCTION = YES;
				GCC_WARN_UNUSED_VARIABLE = YES;
				MACOSX_DEPLOYMENT_TARGET = 10.10;
				MTL_ENABLE_DEBUG_INFO = NO;
				SDKROOT = macosx;
			};
			name = Release;
		};
		050DB2091BE9A19C00D6BD12 /* Debug */ = {
			isa = XCBuildConfiguration;
			buildSettings = {
				PRODUCT_NAME = "$(TARGET_NAME)";
			};
			name = Debug;
		};
		050DB20A1BE9A19C00D6BD12 /* Release */ = {
			isa = XCBuildConfiguration;
			buildSettings = {
				PRODUCT_NAME = "$(TARGET_NAME)";
			};
			name = Release;
		};
/* End XCBuildConfiguration section */

/* Begin XCConfigurationList section */
		050DB1FC1BE9A19C00D6BD12 /* Build configuration list for PBXProject "P6" */ = {
			isa = XCConfigurationList;
			buildConfigurations = (
				050DB2061BE9A19C00D6BD12 /* Debug */,
				050DB2071BE9A19C00D6BD12 /* Release */,
			);
			defaultConfigurationIsVisible = 0;
			defaultConfigurationName = Release;
		};
		050DB2081BE9A19C00D6BD12 /* Build configuration list for PBXNativeTarget "P6" */ = {
			isa = XCConfigurationList;
			buildConfigurations = (
				050DB2091BE9A19C00D6BD12 /* Debug */,
				050DB20A1BE9A19C00D6BD12 /* Release */,
			);
			defaultConfigurationIsVisible = 0;
		};
/* End XCConfigurationList section */
	};
	rootObject = 050DB1F91BE9A19C00D6BD12 /* Project object */;
}
