// !$*UTF8*$!
{
	archiveVersion = 1;
	classes = {
	};
	objectVersion = 46;
	objects = {

/* Begin PBXBuildFile section */
		05B8A4391BFC15C70059A248 /* AppDelegate.swift in Sources */ = {isa = PBXBuildFile; fileRef = 05B8A4381BFC15C70059A248 /* AppDelegate.swift */; };
		05B8A43B1BFC15C70059A248 /* ViewController.swift in Sources */ = {isa = PBXBuildFile; fileRef = 05B8A43A1BFC15C70059A248 /* ViewController.swift */; };
		05B8A43E1BFC15C70059A248 /* Main.storyboard in Resources */ = {isa = PBXBuildFile; fileRef = 05B8A43C1BFC15C70059A248 /* Main.storyboard */; };
		05B8A4401BFC15C70059A248 /* Images.xcassets in Resources */ = {isa = PBXBuildFile; fileRef = 05B8A43F1BFC15C70059A248 /* Images.xcassets */; };
		05B8A4431BFC15C70059A248 /* LaunchScreen.xib in Resources */ = {isa = PBXBuildFile; fileRef = 05B8A4411BFC15C70059A248 /* LaunchScreen.xib */; };
		05B8A44F1BFC15C70059A248 /* LayoutTutTests.swift in Sources */ = {isa = PBXBuildFile; fileRef = 05B8A44E1BFC15C70059A248 /* LayoutTutTests.swift */; };
/* End PBXBuildFile section */

/* Begin PBXContainerItemProxy section */
		05B8A4491BFC15C70059A248 /* PBXContainerItemProxy */ = {
			isa = PBXContainerItemProxy;
			containerPortal = 05B8A42B1BFC15C70059A248 /* Project object */;
			proxyType = 1;
			remoteGlobalIDString = 05B8A4321BFC15C70059A248;
			remoteInfo = LayoutTut;
		};
/* End PBXContainerItemProxy section */

/* Begin PBXFileReference section */
		05B8A4331BFC15C70059A248 /* LayoutTut.app */ = {isa = PBXFileReference; explicitFileType = wrapper.application; includeInIndex = 0; path = LayoutTut.app; sourceTree = BUILT_PRODUCTS_DIR; };
		05B8A4371BFC15C70059A248 /* Info.plist */ = {isa = PBXFileReference; lastKnownFileType = text.plist.xml; path = Info.plist; sourceTree = "<group>"; };
		05B8A4381BFC15C70059A248 /* AppDelegate.swift */ = {isa = PBXFileReference; lastKnownFileType = sourcecode.swift; path = AppDelegate.swift; sourceTree = "<group>"; };
		05B8A43A1BFC15C70059A248 /* ViewController.swift */ = {isa = PBXFileReference; lastKnownFileType = sourcecode.swift; path = ViewController.swift; sourceTree = "<group>"; };
		05B8A43D1BFC15C70059A248 /* Base */ = {isa = PBXFileReference; lastKnownFileType = file.storyboard; name = Base; path = Base.lproj/Main.storyboard; sourceTree = "<group>"; };
		05B8A43F1BFC15C70059A248 /* Images.xcassets */ = {isa = PBXFileReference; lastKnownFileType = folder.assetcatalog; path = Images.xcassets; sourceTree = "<group>"; };
		05B8A4421BFC15C70059A248 /* Base */ = {isa = PBXFileReference; lastKnownFileType = file.xib; name = Base; path = Base.lproj/LaunchScreen.xib; sourceTree = "<group>"; };
		05B8A4481BFC15C70059A248 /* LayoutTutTests.xctest */ = {isa = PBXFileReference; explicitFileType = wrapper.cfbundle; includeInIndex = 0; path = LayoutTutTests.xctest; sourceTree = BUILT_PRODUCTS_DIR; };
		05B8A44D1BFC15C70059A248 /* Info.plist */ = {isa = PBXFileReference; lastKnownFileType = text.plist.xml; path = Info.plist; sourceTree = "<group>"; };
		05B8A44E1BFC15C70059A248 /* LayoutTutTests.swift */ = {isa = PBXFileReference; lastKnownFileType = sourcecode.swift; path = LayoutTutTests.swift; sourceTree = "<group>"; };
/* End PBXFileReference section */

/* Begin PBXFrameworksBuildPhase section */
		05B8A4301BFC15C70059A248 /* Frameworks */ = {
			isa = PBXFrameworksBuildPhase;
			buildActionMask = 2147483647;
			files = (
			);
			runOnlyForDeploymentPostprocessing = 0;
		};
		05B8A4451BFC15C70059A248 /* Frameworks */ = {
			isa = PBXFrameworksBuildPhase;
			buildActionMask = 2147483647;
			files = (
			);
			runOnlyForDeploymentPostprocessing = 0;
		};
/* End PBXFrameworksBuildPhase section */

/* Begin PBXGroup section */
		05B8A42A1BFC15C70059A248 = {
			isa = PBXGroup;
			children = (
				05B8A4351BFC15C70059A248 /* LayoutTut */,
				05B8A44B1BFC15C70059A248 /* LayoutTutTests */,
				05B8A4341BFC15C70059A248 /* Products */,
			);
			sourceTree = "<group>";
		};
		05B8A4341BFC15C70059A248 /* Products */ = {
			isa = PBXGroup;
			children = (
				05B8A4331BFC15C70059A248 /* LayoutTut.app */,
				05B8A4481BFC15C70059A248 /* LayoutTutTests.xctest */,
			);
			name = Products;
			sourceTree = "<group>";
		};
		05B8A4351BFC15C70059A248 /* LayoutTut */ = {
			isa = PBXGroup;
			children = (
				05B8A4381BFC15C70059A248 /* AppDelegate.swift */,
				05B8A43A1BFC15C70059A248 /* ViewController.swift */,
				05B8A43C1BFC15C70059A248 /* Main.storyboard */,
				05B8A43F1BFC15C70059A248 /* Images.xcassets */,
				05B8A4411BFC15C70059A248 /* LaunchScreen.xib */,
				05B8A4361BFC15C70059A248 /* Supporting Files */,
			);
			path = LayoutTut;
			sourceTree = "<group>";
		};
		05B8A4361BFC15C70059A248 /* Supporting Files */ = {
			isa = PBXGroup;
			children = (
				05B8A4371BFC15C70059A248 /* Info.plist */,
			);
			name = "Supporting Files";
			sourceTree = "<group>";
		};
		05B8A44B1BFC15C70059A248 /* LayoutTutTests */ = {
			isa = PBXGroup;
			children = (
				05B8A44E1BFC15C70059A248 /* LayoutTutTests.swift */,
				05B8A44C1BFC15C70059A248 /* Supporting Files */,
			);
			path = LayoutTutTests;
			sourceTree = "<group>";
		};
		05B8A44C1BFC15C70059A248 /* Supporting Files */ = {
			isa = PBXGroup;
			children = (
				05B8A44D1BFC15C70059A248 /* Info.plist */,
			);
			name = "Supporting Files";
			sourceTree = "<group>";
		};
/* End PBXGroup section */

/* Begin PBXNativeTarget section */
		05B8A4321BFC15C70059A248 /* LayoutTut */ = {
			isa = PBXNativeTarget;
			buildConfigurationList = 05B8A4521BFC15C70059A248 /* Build configuration list for PBXNativeTarget "LayoutTut" */;
			buildPhases = (
				05B8A42F1BFC15C70059A248 /* Sources */,
				05B8A4301BFC15C70059A248 /* Frameworks */,
				05B8A4311BFC15C70059A248 /* Resources */,
			);
			buildRules = (
			);
			dependencies = (
			);
			name = LayoutTut;
			productName = LayoutTut;
			productReference = 05B8A4331BFC15C70059A248 /* LayoutTut.app */;
			productType = "com.apple.product-type.application";
		};
		05B8A4471BFC15C70059A248 /* LayoutTutTests */ = {
			isa = PBXNativeTarget;
			buildConfigurationList = 05B8A4551BFC15C70059A248 /* Build configuration list for PBXNativeTarget "LayoutTutTests" */;
			buildPhases = (
				05B8A4441BFC15C70059A248 /* Sources */,
				05B8A4451BFC15C70059A248 /* Frameworks */,
				05B8A4461BFC15C70059A248 /* Resources */,
			);
			buildRules = (
			);
			dependencies = (
				05B8A44A1BFC15C70059A248 /* PBXTargetDependency */,
			);
			name = LayoutTutTests;
			productName = LayoutTutTests;
			productReference = 05B8A4481BFC15C70059A248 /* LayoutTutTests.xctest */;
			productType = "com.apple.product-type.bundle.unit-test";
		};
/* End PBXNativeTarget section */

/* Begin PBXProject section */
		05B8A42B1BFC15C70059A248 /* Project object */ = {
			isa = PBXProject;
			attributes = {
				LastUpgradeCheck = 0630;
				ORGANIZATIONNAME = "Thanh Pham";
				TargetAttributes = {
					05B8A4321BFC15C70059A248 = {
						CreatedOnToolsVersion = 6.3.1;
					};
					05B8A4471BFC15C70059A248 = {
						CreatedOnToolsVersion = 6.3.1;
						TestTargetID = 05B8A4321BFC15C70059A248;
					};
				};
			};
			buildConfigurationList = 05B8A42E1BFC15C70059A248 /* Build configuration list for PBXProject "LayoutTut" */;
			compatibilityVersion = "Xcode 3.2";
			developmentRegion = English;
			hasScannedForEncodings = 0;
			knownRegions = (
				en,
				Base,
			);
			mainGroup = 05B8A42A1BFC15C70059A248;
			productRefGroup = 05B8A4341BFC15C70059A248 /* Products */;
			projectDirPath = "";
			projectRoot = "";
			targets = (
				05B8A4321BFC15C70059A248 /* LayoutTut */,
				05B8A4471BFC15C70059A248 /* LayoutTutTests */,
			);
		};
/* End PBXProject section */

/* Begin PBXResourcesBuildPhase section */
		05B8A4311BFC15C70059A248 /* Resources */ = {
			isa = PBXResourcesBuildPhase;
			buildActionMask = 2147483647;
			files = (
				05B8A43E1BFC15C70059A248 /* Main.storyboard in Resources */,
				05B8A4431BFC15C70059A248 /* LaunchScreen.xib in Resources */,
				05B8A4401BFC15C70059A248 /* Images.xcassets in Resources */,
			);
			runOnlyForDeploymentPostprocessing = 0;
		};
		05B8A4461BFC15C70059A248 /* Resources */ = {
			isa = PBXResourcesBuildPhase;
			buildActionMask = 2147483647;
			files = (
			);
			runOnlyForDeploymentPostprocessing = 0;
		};
/* End PBXResourcesBuildPhase section */

/* Begin PBXSourcesBuildPhase section */
		05B8A42F1BFC15C70059A248 /* Sources */ = {
			isa = PBXSourcesBuildPhase;
			buildActionMask = 2147483647;
			files = (
				05B8A43B1BFC15C70059A248 /* ViewController.swift in Sources */,
				05B8A4391BFC15C70059A248 /* AppDelegate.swift in Sources */,
			);
			runOnlyForDeploymentPostprocessing = 0;
		};
		05B8A4441BFC15C70059A248 /* Sources */ = {
			isa = PBXSourcesBuildPhase;
			buildActionMask = 2147483647;
			files = (
				05B8A44F1BFC15C70059A248 /* LayoutTutTests.swift in Sources */,
			);
			runOnlyForDeploymentPostprocessing = 0;
		};
/* End PBXSourcesBuildPhase section */

/* Begin PBXTargetDependency section */
		05B8A44A1BFC15C70059A248 /* PBXTargetDependency */ = {
			isa = PBXTargetDependency;
			target = 05B8A4321BFC15C70059A248 /* LayoutTut */;
			targetProxy = 05B8A4491BFC15C70059A248 /* PBXContainerItemProxy */;
		};
/* End PBXTargetDependency section */

/* Begin PBXVariantGroup section */
		05B8A43C1BFC15C70059A248 /* Main.storyboard */ = {
			isa = PBXVariantGroup;
			children = (
				05B8A43D1BFC15C70059A248 /* Base */,
			);
			name = Main.storyboard;
			sourceTree = "<group>";
		};
		05B8A4411BFC15C70059A248 /* LaunchScreen.xib */ = {
			isa = PBXVariantGroup;
			children = (
				05B8A4421BFC15C70059A248 /* Base */,
			);
			name = LaunchScreen.xib;
			sourceTree = "<group>";
		};
/* End PBXVariantGroup section */

/* Begin XCBuildConfiguration section */
		05B8A4501BFC15C70059A248 /* Debug */ = {
			isa = XCBuildConfiguration;
			buildSettings = {
				ALWAYS_SEARCH_USER_PATHS = NO;
				CLANG_CXX_LANGUAGE_STANDARD = "gnu++0x";
				CLANG_CXX_LIBRARY = "libc++";
				CLANG_ENABLE_MODULES = YES;
				CLANG_ENABLE_OBJC_ARC = YES;
				CLANG_WARN_BOOL_CONVERSION = YES;
				CLANG_WARN_CONSTANT_CONVERSION = YES;
				CLANG_WARN_DIRECT_OBJC_ISA_USAGE = YES_ERROR;
				CLANG_WARN_EMPTY_BODY = YES;
				CLANG_WARN_ENUM_CONVERSION = YES;
				CLANG_WARN_INT_CONVERSION = YES;
				CLANG_WARN_OBJC_ROOT_CLASS = YES_ERROR;
				CLANG_WARN_UNREACHABLE_CODE = YES;
				CLANG_WARN__DUPLICATE_METHOD_MATCH = YES;
				"CODE_SIGN_IDENTITY[sdk=iphoneos*]" = "iPhone Developer";
				COPY_PHASE_STRIP = NO;
				DEBUG_INFORMATION_FORMAT = "dwarf-with-dsym";
				ENABLE_STRICT_OBJC_MSGSEND = YES;
				GCC_C_LANGUAGE_STANDARD = gnu99;
				GCC_DYNAMIC_NO_PIC = NO;
				GCC_NO_COMMON_BLOCKS = YES;
				GCC_OPTIMIZATION_LEVEL = 0;
				GCC_PREPROCESSOR_DEFINITIONS = (
					"DEBUG=1",
					"$(inherited)",
				);
				GCC_SYMBOLS_PRIVATE_EXTERN = NO;
				GCC_WARN_64_TO_32_BIT_CONVERSION = YES;
				GCC_WARN_ABOUT_RETURN_TYPE = YES_ERROR;
				GCC_WARN_UNDECLARED_SELECTOR = YES;
				GCC_WARN_UNINITIALIZED_AUTOS = YES_AGGRESSIVE;
				GCC_WARN_UNUSED_FUNCTION = YES;
				GCC_WARN_UNUSED_VARIABLE = YES;
				IPHONEOS_DEPLOYMENT_TARGET = 8.3;
				MTL_ENABLE_DEBUG_INFO = YES;
				ONLY_ACTIVE_ARCH = YES;
				SDKROOT = iphoneos;
				SWIFT_OPTIMIZATION_LEVEL = "-Onone";
			};
			name = Debug;
		};
		05B8A4511BFC15C70059A248 /* Release */ = {
			isa = XCBuildConfiguration;
			buildSettings = {
				ALWAYS_SEARCH_USER_PATHS = NO;
				CLANG_CXX_LANGUAGE_STANDARD = "gnu++0x";
				CLANG_CXX_LIBRARY = "libc++";
				CLANG_ENABLE_MODULES = YES;
				CLANG_ENABLE_OBJC_ARC = YES;
				CLANG_WARN_BOOL_CONVERSION = YES;
				CLANG_WARN_CONSTANT_CONVERSION = YES;
				CLANG_WARN_DIRECT_OBJC_ISA_USAGE = YES_ERROR;
				CLANG_WARN_EMPTY_BODY = YES;
				CLANG_WARN_ENUM_CONVERSION = YES;
				CLANG_WARN_INT_CONVERSION = YES;
				CLANG_WARN_OBJC_ROOT_CLASS = YES_ERROR;
				CLANG_WARN_UNREACHABLE_CODE = YES;
				CLANG_WARN__DUPLICATE_METHOD_MATCH = YES;
				"CODE_SIGN_IDENTITY[sdk=iphoneos*]" = "iPhone Developer";
				COPY_PHASE_STRIP = NO;
				DEBUG_INFORMATION_FORMAT = "dwarf-with-dsym";
				ENABLE_NS_ASSERTIONS = NO;
				ENABLE_STRICT_OBJC_MSGSEND = YES;
				GCC_C_LANGUAGE_STANDARD = gnu99;
				GCC_NO_COMMON_BLOCKS = YES;
				GCC_WARN_64_TO_32_BIT_CONVERSION = YES;
				GCC_WARN_ABOUT_RETURN_TYPE = YES_ERROR;
				GCC_WARN_UNDECLARED_SELECTOR = YES;
				GCC_WARN_UNINITIALIZED_AUTOS = YES_AGGRESSIVE;
				GCC_WARN_UNUSED_FUNCTION = YES;
				GCC_WARN_UNUSED_VARIABLE = YES;
				IPHONEOS_DEPLOYMENT_TARGET = 8.3;
				MTL_ENABLE_DEBUG_INFO = NO;
				SDKROOT = iphoneos;
				VALIDATE_PRODUCT = YES;
			};
			name = Release;
		};
		05B8A4531BFC15C70059A248 /* Debug */ = {
			isa = XCBuildConfiguration;
			buildSettings = {
				ASSETCATALOG_COMPILER_APPICON_NAME = AppIcon;
				INFOPLIST_FILE = LayoutTut/Info.plist;
				LD_RUNPATH_SEARCH_PATHS = "$(inherited) @executable_path/Frameworks";
				PRODUCT_NAME = "$(TARGET_NAME)";
			};
			name = Debug;
		};
		05B8A4541BFC15C70059A248 /* Release */ = {
			isa = XCBuildConfiguration;
			buildSettings = {
				ASSETCATALOG_COMPILER_APPICON_NAME = AppIcon;
				INFOPLIST_FILE = LayoutTut/Info.plist;
				LD_RUNPATH_SEARCH_PATHS = "$(inherited) @executable_path/Frameworks";
				PRODUCT_NAME = "$(TARGET_NAME)";
			};
			name = Release;
		};
		05B8A4561BFC15C70059A248 /* Debug */ = {
			isa = XCBuildConfiguration;
			buildSettings = {
				BUNDLE_LOADER = "$(TEST_HOST)";
				FRAMEWORK_SEARCH_PATHS = (
					"$(SDKROOT)/Developer/Library/Frameworks",
					"$(inherited)",
				);
				GCC_PREPROCESSOR_DEFINITIONS = (
					"DEBUG=1",
					"$(inherited)",
				);
				INFOPLIST_FILE = LayoutTutTests/Info.plist;
				LD_RUNPATH_SEARCH_PATHS = "$(inherited) @executable_path/Frameworks @loader_path/Frameworks";
				PRODUCT_NAME = "$(TARGET_NAME)";
				TEST_HOST = "$(BUILT_PRODUCTS_DIR)/LayoutTut.app/LayoutTut";
			};
			name = Debug;
		};
		05B8A4571BFC15C70059A248 /* Release */ = {
			isa = XCBuildConfiguration;
			buildSettings = {
				BUNDLE_LOADER = "$(TEST_HOST)";
				FRAMEWORK_SEARCH_PATHS = (
					"$(SDKROOT)/Developer/Library/Frameworks",
					"$(inherited)",
				);
				INFOPLIST_FILE = LayoutTutTests/Info.plist;
				LD_RUNPATH_SEARCH_PATHS = "$(inherited) @executable_path/Frameworks @loader_path/Frameworks";
				PRODUCT_NAME = "$(TARGET_NAME)";
				TEST_HOST = "$(BUILT_PRODUCTS_DIR)/LayoutTut.app/LayoutTut";
			};
			name = Release;
		};
/* End XCBuildConfiguration section */

/* Begin XCConfigurationList section */
		05B8A42E1BFC15C70059A248 /* Build configuration list for PBXProject "LayoutTut" */ = {
			isa = XCConfigurationList;
			buildConfigurations = (
				05B8A4501BFC15C70059A248 /* Debug */,
				05B8A4511BFC15C70059A248 /* Release */,
			);
			defaultConfigurationIsVisible = 0;
			defaultConfigurationName = Release;
		};
		05B8A4521BFC15C70059A248 /* Build configuration list for PBXNativeTarget "LayoutTut" */ = {
			isa = XCConfigurationList;
			buildConfigurations = (
				05B8A4531BFC15C70059A248 /* Debug */,
				05B8A4541BFC15C70059A248 /* Release */,
			);
			defaultConfigurationIsVisible = 0;
			defaultConfigurationName = Release;
		};
		05B8A4551BFC15C70059A248 /* Build configuration list for PBXNativeTarget "LayoutTutTests" */ = {
			isa = XCConfigurationList;
			buildConfigurations = (
				05B8A4561BFC15C70059A248 /* Debug */,
				05B8A4571BFC15C70059A248 /* Release */,
			);
			defaultConfigurationIsVisible = 0;
			defaultConfigurationName = Release;
		};
/* End XCConfigurationList section */
	};
	rootObject = 05B8A42B1BFC15C70059A248 /* Project object */;
}
