// !$*UTF8*$!
{
	archiveVersion = 1;
	classes = {
	};
	objectVersion = 46;
	objects = {

/* Begin PBXBuildFile section */
		05F50EB21C198629006D1173 /* AppDelegate.swift in Sources */ = {isa = PBXBuildFile; fileRef = 05F50EB11C198629006D1173 /* AppDelegate.swift */; };
		05F50EB41C198629006D1173 /* ViewController.swift in Sources */ = {isa = PBXBuildFile; fileRef = 05F50EB31C198629006D1173 /* ViewController.swift */; };
		05F50EB71C198629006D1173 /* Main.storyboard in Resources */ = {isa = PBXBuildFile; fileRef = 05F50EB51C198629006D1173 /* Main.storyboard */; };
		05F50EB91C198629006D1173 /* Images.xcassets in Resources */ = {isa = PBXBuildFile; fileRef = 05F50EB81C198629006D1173 /* Images.xcassets */; };
		05F50EBC1C198629006D1173 /* LaunchScreen.xib in Resources */ = {isa = PBXBuildFile; fileRef = 05F50EBA1C198629006D1173 /* LaunchScreen.xib */; };
		05F50EC81C198629006D1173 /* TossingViewsTests.swift in Sources */ = {isa = PBXBuildFile; fileRef = 05F50EC71C198629006D1173 /* TossingViewsTests.swift */; };
/* End PBXBuildFile section */

/* Begin PBXContainerItemProxy section */
		05F50EC21C198629006D1173 /* PBXContainerItemProxy */ = {
			isa = PBXContainerItemProxy;
			containerPortal = 05F50EA41C198629006D1173 /* Project object */;
			proxyType = 1;
			remoteGlobalIDString = 05F50EAB1C198629006D1173;
			remoteInfo = TossingViews;
		};
/* End PBXContainerItemProxy section */

/* Begin PBXFileReference section */
		05F50EAC1C198629006D1173 /* TossingViews.app */ = {isa = PBXFileReference; explicitFileType = wrapper.application; includeInIndex = 0; path = TossingViews.app; sourceTree = BUILT_PRODUCTS_DIR; };
		05F50EB01C198629006D1173 /* Info.plist */ = {isa = PBXFileReference; lastKnownFileType = text.plist.xml; path = Info.plist; sourceTree = "<group>"; };
		05F50EB11C198629006D1173 /* AppDelegate.swift */ = {isa = PBXFileReference; lastKnownFileType = sourcecode.swift; path = AppDelegate.swift; sourceTree = "<group>"; };
		05F50EB31C198629006D1173 /* ViewController.swift */ = {isa = PBXFileReference; lastKnownFileType = sourcecode.swift; path = ViewController.swift; sourceTree = "<group>"; };
		05F50EB61C198629006D1173 /* Base */ = {isa = PBXFileReference; lastKnownFileType = file.storyboard; name = Base; path = Base.lproj/Main.storyboard; sourceTree = "<group>"; };
		05F50EB81C198629006D1173 /* Images.xcassets */ = {isa = PBXFileReference; lastKnownFileType = folder.assetcatalog; path = Images.xcassets; sourceTree = "<group>"; };
		05F50EBB1C198629006D1173 /* Base */ = {isa = PBXFileReference; lastKnownFileType = file.xib; name = Base; path = Base.lproj/LaunchScreen.xib; sourceTree = "<group>"; };
		05F50EC11C198629006D1173 /* TossingViewsTests.xctest */ = {isa = PBXFileReference; explicitFileType = wrapper.cfbundle; includeInIndex = 0; path = TossingViewsTests.xctest; sourceTree = BUILT_PRODUCTS_DIR; };
		05F50EC61C198629006D1173 /* Info.plist */ = {isa = PBXFileReference; lastKnownFileType = text.plist.xml; path = Info.plist; sourceTree = "<group>"; };
		05F50EC71C198629006D1173 /* TossingViewsTests.swift */ = {isa = PBXFileReference; lastKnownFileType = sourcecode.swift; path = TossingViewsTests.swift; sourceTree = "<group>"; };
/* End PBXFileReference section */

/* Begin PBXFrameworksBuildPhase section */
		05F50EA91C198629006D1173 /* Frameworks */ = {
			isa = PBXFrameworksBuildPhase;
			buildActionMask = 2147483647;
			files = (
			);
			runOnlyForDeploymentPostprocessing = 0;
		};
		05F50EBE1C198629006D1173 /* Frameworks */ = {
			isa = PBXFrameworksBuildPhase;
			buildActionMask = 2147483647;
			files = (
			);
			runOnlyForDeploymentPostprocessing = 0;
		};
/* End PBXFrameworksBuildPhase section */

/* Begin PBXGroup section */
		05F50EA31C198629006D1173 = {
			isa = PBXGroup;
			children = (
				05F50EAE1C198629006D1173 /* TossingViews */,
				05F50EC41C198629006D1173 /* TossingViewsTests */,
				05F50EAD1C198629006D1173 /* Products */,
			);
			sourceTree = "<group>";
		};
		05F50EAD1C198629006D1173 /* Products */ = {
			isa = PBXGroup;
			children = (
				05F50EAC1C198629006D1173 /* TossingViews.app */,
				05F50EC11C198629006D1173 /* TossingViewsTests.xctest */,
			);
			name = Products;
			sourceTree = "<group>";
		};
		05F50EAE1C198629006D1173 /* TossingViews */ = {
			isa = PBXGroup;
			children = (
				05F50EB11C198629006D1173 /* AppDelegate.swift */,
				05F50EB31C198629006D1173 /* ViewController.swift */,
				05F50EB51C198629006D1173 /* Main.storyboard */,
				05F50EB81C198629006D1173 /* Images.xcassets */,
				05F50EBA1C198629006D1173 /* LaunchScreen.xib */,
				05F50EAF1C198629006D1173 /* Supporting Files */,
			);
			path = TossingViews;
			sourceTree = "<group>";
		};
		05F50EAF1C198629006D1173 /* Supporting Files */ = {
			isa = PBXGroup;
			children = (
				05F50EB01C198629006D1173 /* Info.plist */,
			);
			name = "Supporting Files";
			sourceTree = "<group>";
		};
		05F50EC41C198629006D1173 /* TossingViewsTests */ = {
			isa = PBXGroup;
			children = (
				05F50EC71C198629006D1173 /* TossingViewsTests.swift */,
				05F50EC51C198629006D1173 /* Supporting Files */,
			);
			path = TossingViewsTests;
			sourceTree = "<group>";
		};
		05F50EC51C198629006D1173 /* Supporting Files */ = {
			isa = PBXGroup;
			children = (
				05F50EC61C198629006D1173 /* Info.plist */,
			);
			name = "Supporting Files";
			sourceTree = "<group>";
		};
/* End PBXGroup section */

/* Begin PBXNativeTarget section */
		05F50EAB1C198629006D1173 /* TossingViews */ = {
			isa = PBXNativeTarget;
			buildConfigurationList = 05F50ECB1C198629006D1173 /* Build configuration list for PBXNativeTarget "TossingViews" */;
			buildPhases = (
				05F50EA81C198629006D1173 /* Sources */,
				05F50EA91C198629006D1173 /* Frameworks */,
				05F50EAA1C198629006D1173 /* Resources */,
			);
			buildRules = (
			);
			dependencies = (
			);
			name = TossingViews;
			productName = TossingViews;
			productReference = 05F50EAC1C198629006D1173 /* TossingViews.app */;
			productType = "com.apple.product-type.application";
		};
		05F50EC01C198629006D1173 /* TossingViewsTests */ = {
			isa = PBXNativeTarget;
			buildConfigurationList = 05F50ECE1C198629006D1173 /* Build configuration list for PBXNativeTarget "TossingViewsTests" */;
			buildPhases = (
				05F50EBD1C198629006D1173 /* Sources */,
				05F50EBE1C198629006D1173 /* Frameworks */,
				05F50EBF1C198629006D1173 /* Resources */,
			);
			buildRules = (
			);
			dependencies = (
				05F50EC31C198629006D1173 /* PBXTargetDependency */,
			);
			name = TossingViewsTests;
			productName = TossingViewsTests;
			productReference = 05F50EC11C198629006D1173 /* TossingViewsTests.xctest */;
			productType = "com.apple.product-type.bundle.unit-test";
		};
/* End PBXNativeTarget section */

/* Begin PBXProject section */
		05F50EA41C198629006D1173 /* Project object */ = {
			isa = PBXProject;
			attributes = {
				LastUpgradeCheck = 0630;
				ORGANIZATIONNAME = "Thanh Pham";
				TargetAttributes = {
					05F50EAB1C198629006D1173 = {
						CreatedOnToolsVersion = 6.3.1;
					};
					05F50EC01C198629006D1173 = {
						CreatedOnToolsVersion = 6.3.1;
						TestTargetID = 05F50EAB1C198629006D1173;
					};
				};
			};
			buildConfigurationList = 05F50EA71C198629006D1173 /* Build configuration list for PBXProject "TossingViews" */;
			compatibilityVersion = "Xcode 3.2";
			developmentRegion = English;
			hasScannedForEncodings = 0;
			knownRegions = (
				en,
				Base,
			);
			mainGroup = 05F50EA31C198629006D1173;
			productRefGroup = 05F50EAD1C198629006D1173 /* Products */;
			projectDirPath = "";
			projectRoot = "";
			targets = (
				05F50EAB1C198629006D1173 /* TossingViews */,
				05F50EC01C198629006D1173 /* TossingViewsTests */,
			);
		};
/* End PBXProject section */

/* Begin PBXResourcesBuildPhase section */
		05F50EAA1C198629006D1173 /* Resources */ = {
			isa = PBXResourcesBuildPhase;
			buildActionMask = 2147483647;
			files = (
				05F50EB71C198629006D1173 /* Main.storyboard in Resources */,
				05F50EBC1C198629006D1173 /* LaunchScreen.xib in Resources */,
				05F50EB91C198629006D1173 /* Images.xcassets in Resources */,
			);
			runOnlyForDeploymentPostprocessing = 0;
		};
		05F50EBF1C198629006D1173 /* Resources */ = {
			isa = PBXResourcesBuildPhase;
			buildActionMask = 2147483647;
			files = (
			);
			runOnlyForDeploymentPostprocessing = 0;
		};
/* End PBXResourcesBuildPhase section */

/* Begin PBXSourcesBuildPhase section */
		05F50EA81C198629006D1173 /* Sources */ = {
			isa = PBXSourcesBuildPhase;
			buildActionMask = 2147483647;
			files = (
				05F50EB41C198629006D1173 /* ViewController.swift in Sources */,
				05F50EB21C198629006D1173 /* AppDelegate.swift in Sources */,
			);
			runOnlyForDeploymentPostprocessing = 0;
		};
		05F50EBD1C198629006D1173 /* Sources */ = {
			isa = PBXSourcesBuildPhase;
			buildActionMask = 2147483647;
			files = (
				05F50EC81C198629006D1173 /* TossingViewsTests.swift in Sources */,
			);
			runOnlyForDeploymentPostprocessing = 0;
		};
/* End PBXSourcesBuildPhase section */

/* Begin PBXTargetDependency section */
		05F50EC31C198629006D1173 /* PBXTargetDependency */ = {
			isa = PBXTargetDependency;
			target = 05F50EAB1C198629006D1173 /* TossingViews */;
			targetProxy = 05F50EC21C198629006D1173 /* PBXContainerItemProxy */;
		};
/* End PBXTargetDependency section */

/* Begin PBXVariantGroup section */
		05F50EB51C198629006D1173 /* Main.storyboard */ = {
			isa = PBXVariantGroup;
			children = (
				05F50EB61C198629006D1173 /* Base */,
			);
			name = Main.storyboard;
			sourceTree = "<group>";
		};
		05F50EBA1C198629006D1173 /* LaunchScreen.xib */ = {
			isa = PBXVariantGroup;
			children = (
				05F50EBB1C198629006D1173 /* Base */,
			);
			name = LaunchScreen.xib;
			sourceTree = "<group>";
		};
/* End PBXVariantGroup section */

/* Begin XCBuildConfiguration section */
		05F50EC91C198629006D1173 /* Debug */ = {
			isa = XCBuildConfiguration;
			buildSettings = {
				ALWAYS_SEARCH_USER_PATHS = NO;
				CLANG_CXX_LANGUAGE_STANDARD = "gnu++0x";
				CLANG_CXX_LIBRARY = "libc++";
				CLANG_ENABLE_MODULES = YES;
				CLANG_ENABLE_OBJC_ARC = YES;
				CLANG_WARN_BOOL_CONVERSION = YES;
				CLANG_WARN_CONSTANT_CONVERSION = YES;
				CLANG_WARN_DIRECT_OBJC_ISA_USAGE = YES_ERROR;
				CLANG_WARN_EMPTY_BODY = YES;
				CLANG_WARN_ENUM_CONVERSION = YES;
				CLANG_WARN_INT_CONVERSION = YES;
				CLANG_WARN_OBJC_ROOT_CLASS = YES_ERROR;
				CLANG_WARN_UNREACHABLE_CODE = YES;
				CLANG_WARN__DUPLICATE_METHOD_MATCH = YES;
				"CODE_SIGN_IDENTITY[sdk=iphoneos*]" = "iPhone Developer";
				COPY_PHASE_STRIP = NO;
				DEBUG_INFORMATION_FORMAT = "dwarf-with-dsym";
				ENABLE_STRICT_OBJC_MSGSEND = YES;
				GCC_C_LANGUAGE_STANDARD = gnu99;
				GCC_DYNAMIC_NO_PIC = NO;
				GCC_NO_COMMON_BLOCKS = YES;
				GCC_OPTIMIZATION_LEVEL = 0;
				GCC_PREPROCESSOR_DEFINITIONS = (
					"DEBUG=1",
					"$(inherited)",
				);
				GCC_SYMBOLS_PRIVATE_EXTERN = NO;
				GCC_WARN_64_TO_32_BIT_CONVERSION = YES;
				GCC_WARN_ABOUT_RETURN_TYPE = YES_ERROR;
				GCC_WARN_UNDECLARED_SELECTOR = YES;
				GCC_WARN_UNINITIALIZED_AUTOS = YES_AGGRESSIVE;
				GCC_WARN_UNUSED_FUNCTION = YES;
				GCC_WARN_UNUSED_VARIABLE = YES;
				IPHONEOS_DEPLOYMENT_TARGET = 8.3;
				MTL_ENABLE_DEBUG_INFO = YES;
				ONLY_ACTIVE_ARCH = YES;
				SDKROOT = iphoneos;
				SWIFT_OPTIMIZATION_LEVEL = "-Onone";
			};
			name = Debug;
		};
		05F50ECA1C198629006D1173 /* Release */ = {
			isa = XCBuildConfiguration;
			buildSettings = {
				ALWAYS_SEARCH_USER_PATHS = NO;
				CLANG_CXX_LANGUAGE_STANDARD = "gnu++0x";
				CLANG_CXX_LIBRARY = "libc++";
				CLANG_ENABLE_MODULES = YES;
				CLANG_ENABLE_OBJC_ARC = YES;
				CLANG_WARN_BOOL_CONVERSION = YES;
				CLANG_WARN_CONSTANT_CONVERSION = YES;
				CLANG_WARN_DIRECT_OBJC_ISA_USAGE = YES_ERROR;
				CLANG_WARN_EMPTY_BODY = YES;
				CLANG_WARN_ENUM_CONVERSION = YES;
				CLANG_WARN_INT_CONVERSION = YES;
				CLANG_WARN_OBJC_ROOT_CLASS = YES_ERROR;
				CLANG_WARN_UNREACHABLE_CODE = YES;
				CLANG_WARN__DUPLICATE_METHOD_MATCH = YES;
				"CODE_SIGN_IDENTITY[sdk=iphoneos*]" = "iPhone Developer";
				COPY_PHASE_STRIP = NO;
				DEBUG_INFORMATION_FORMAT = "dwarf-with-dsym";
				ENABLE_NS_ASSERTIONS = NO;
				ENABLE_STRICT_OBJC_MSGSEND = YES;
				GCC_C_LANGUAGE_STANDARD = gnu99;
				GCC_NO_COMMON_BLOCKS = YES;
				GCC_WARN_64_TO_32_BIT_CONVERSION = YES;
				GCC_WARN_ABOUT_RETURN_TYPE = YES_ERROR;
				GCC_WARN_UNDECLARED_SELECTOR = YES;
				GCC_WARN_UNINITIALIZED_AUTOS = YES_AGGRESSIVE;
				GCC_WARN_UNUSED_FUNCTION = YES;
				GCC_WARN_UNUSED_VARIABLE = YES;
				IPHONEOS_DEPLOYMENT_TARGET = 8.3;
				MTL_ENABLE_DEBUG_INFO = NO;
				SDKROOT = iphoneos;
				VALIDATE_PRODUCT = YES;
			};
			name = Release;
		};
		05F50ECC1C198629006D1173 /* Debug */ = {
			isa = XCBuildConfiguration;
			buildSettings = {
				ASSETCATALOG_COMPILER_APPICON_NAME = AppIcon;
				INFOPLIST_FILE = TossingViews/Info.plist;
				LD_RUNPATH_SEARCH_PATHS = "$(inherited) @executable_path/Frameworks";
				PRODUCT_NAME = "$(TARGET_NAME)";
			};
			name = Debug;
		};
		05F50ECD1C198629006D1173 /* Release */ = {
			isa = XCBuildConfiguration;
			buildSettings = {
				ASSETCATALOG_COMPILER_APPICON_NAME = AppIcon;
				INFOPLIST_FILE = TossingViews/Info.plist;
				LD_RUNPATH_SEARCH_PATHS = "$(inherited) @executable_path/Frameworks";
				PRODUCT_NAME = "$(TARGET_NAME)";
			};
			name = Release;
		};
		05F50ECF1C198629006D1173 /* Debug */ = {
			isa = XCBuildConfiguration;
			buildSettings = {
				BUNDLE_LOADER = "$(TEST_HOST)";
				FRAMEWORK_SEARCH_PATHS = (
					"$(SDKROOT)/Developer/Library/Frameworks",
					"$(inherited)",
				);
				GCC_PREPROCESSOR_DEFINITIONS = (
					"DEBUG=1",
					"$(inherited)",
				);
				INFOPLIST_FILE = TossingViewsTests/Info.plist;
				LD_RUNPATH_SEARCH_PATHS = "$(inherited) @executable_path/Frameworks @loader_path/Frameworks";
				PRODUCT_NAME = "$(TARGET_NAME)";
				TEST_HOST = "$(BUILT_PRODUCTS_DIR)/TossingViews.app/TossingViews";
			};
			name = Debug;
		};
		05F50ED01C198629006D1173 /* Release */ = {
			isa = XCBuildConfiguration;
			buildSettings = {
				BUNDLE_LOADER = "$(TEST_HOST)";
				FRAMEWORK_SEARCH_PATHS = (
					"$(SDKROOT)/Developer/Library/Frameworks",
					"$(inherited)",
				);
				INFOPLIST_FILE = TossingViewsTests/Info.plist;
				LD_RUNPATH_SEARCH_PATHS = "$(inherited) @executable_path/Frameworks @loader_path/Frameworks";
				PRODUCT_NAME = "$(TARGET_NAME)";
				TEST_HOST = "$(BUILT_PRODUCTS_DIR)/TossingViews.app/TossingViews";
			};
			name = Release;
		};
/* End XCBuildConfiguration section */

/* Begin XCConfigurationList section */
		05F50EA71C198629006D1173 /* Build configuration list for PBXProject "TossingViews" */ = {
			isa = XCConfigurationList;
			buildConfigurations = (
				05F50EC91C198629006D1173 /* Debug */,
				05F50ECA1C198629006D1173 /* Release */,
			);
			defaultConfigurationIsVisible = 0;
			defaultConfigurationName = Release;
		};
		05F50ECB1C198629006D1173 /* Build configuration list for PBXNativeTarget "TossingViews" */ = {
			isa = XCConfigurationList;
			buildConfigurations = (
				05F50ECC1C198629006D1173 /* Debug */,
				05F50ECD1C198629006D1173 /* Release */,
			);
			defaultConfigurationIsVisible = 0;
		};
		05F50ECE1C198629006D1173 /* Build configuration list for PBXNativeTarget "TossingViewsTests" */ = {
			isa = XCConfigurationList;
			buildConfigurations = (
				05F50ECF1C198629006D1173 /* Debug */,
				05F50ED01C198629006D1173 /* Release */,
			);
			defaultConfigurationIsVisible = 0;
		};
/* End XCConfigurationList section */
	};
	rootObject = 05F50EA41C198629006D1173 /* Project object */;
}
