// !$*UTF8*$!
{
	archiveVersion = 1;
	classes = {
	};
	objectVersion = 46;
	objects = {

/* Begin PBXBuildFile section */
		050DB2211BE9BED800D6BD12 /* main.m in Sources */ = {isa = PBXBuildFile; fileRef = 050DB2201BE9BED800D6BD12 /* main.m */; };
		050DB22C1BE9C02D00D6BD12 /* Rectangle.m in Sources */ = {isa = PBXBuildFile; fileRef = 050DB22A1BE9C02D00D6BD12 /* Rectangle.m */; };
/* End PBXBuildFile section */

/* Begin PBXCopyFilesBuildPhase section */
		050DB21B1BE9BED800D6BD12 /* CopyFiles */ = {
			isa = PBXCopyFilesBuildPhase;
			buildActionMask = 2147483647;
			dstPath = /usr/share/man/man1/;
			dstSubfolderSpec = 0;
			files = (
			);
			runOnlyForDeploymentPostprocessing = 1;
		};
/* End PBXCopyFilesBuildPhase section */

/* Begin PBXFileReference section */
		050DB21D1BE9BED800D6BD12 /* P8 */ = {isa = PBXFileReference; explicitFileType = "compiled.mach-o.executable"; includeInIndex = 0; path = P8; sourceTree = BUILT_PRODUCTS_DIR; };
		050DB2201BE9BED800D6BD12 /* main.m */ = {isa = PBXFileReference; lastKnownFileType = sourcecode.c.objc; path = main.m; sourceTree = "<group>"; };
		050DB2291BE9C02D00D6BD12 /* Rectangle.h */ = {isa = PBXFileReference; fileEncoding = 4; lastKnownFileType = sourcecode.c.h; path = Rectangle.h; sourceTree = "<group>"; };
		050DB22A1BE9C02D00D6BD12 /* Rectangle.m */ = {isa = PBXFileReference; fileEncoding = 4; lastKnownFileType = sourcecode.c.objc; path = Rectangle.m; sourceTree = "<group>"; };
/* End PBXFileReference section */

/* Begin PBXFrameworksBuildPhase section */
		050DB21A1BE9BED800D6BD12 /* Frameworks */ = {
			isa = PBXFrameworksBuildPhase;
			buildActionMask = 2147483647;
			files = (
			);
			runOnlyForDeploymentPostprocessing = 0;
		};
/* End PBXFrameworksBuildPhase section */

/* Begin PBXGroup section */
		050DB2141BE9BED800D6BD12 = {
			isa = PBXGroup;
			children = (
				050DB21F1BE9BED800D6BD12 /* P8 */,
				050DB21E1BE9BED800D6BD12 /* Products */,
			);
			sourceTree = "<group>";
		};
		050DB21E1BE9BED800D6BD12 /* Products */ = {
			isa = PBXGroup;
			children = (
				050DB21D1BE9BED800D6BD12 /* P8 */,
			);
			name = Products;
			sourceTree = "<group>";
		};
		050DB21F1BE9BED800D6BD12 /* P8 */ = {
			isa = PBXGroup;
			children = (
				050DB2201BE9BED800D6BD12 /* main.m */,
				050DB2291BE9C02D00D6BD12 /* Rectangle.h */,
				050DB22A1BE9C02D00D6BD12 /* Rectangle.m */,
			);
			path = P8;
			sourceTree = "<group>";
		};
/* End PBXGroup section */

/* Begin PBXNativeTarget section */
		050DB21C1BE9BED800D6BD12 /* P8 */ = {
			isa = PBXNativeTarget;
			buildConfigurationList = 050DB2241BE9BED800D6BD12 /* Build configuration list for PBXNativeTarget "P8" */;
			buildPhases = (
				050DB2191BE9BED800D6BD12 /* Sources */,
				050DB21A1BE9BED800D6BD12 /* Frameworks */,
				050DB21B1BE9BED800D6BD12 /* CopyFiles */,
			);
			buildRules = (
			);
			dependencies = (
			);
			name = P8;
			productName = P8;
			productReference = 050DB21D1BE9BED800D6BD12 /* P8 */;
			productType = "com.apple.product-type.tool";
		};
/* End PBXNativeTarget section */

/* Begin PBXProject section */
		050DB2151BE9BED800D6BD12 /* Project object */ = {
			isa = PBXProject;
			attributes = {
				LastUpgradeCheck = 0630;
				ORGANIZATIONNAME = "Thanh Pham";
				TargetAttributes = {
					050DB21C1BE9BED800D6BD12 = {
						CreatedOnToolsVersion = 6.3.1;
					};
				};
			};
			buildConfigurationList = 050DB2181BE9BED800D6BD12 /* Build configuration list for PBXProject "P8" */;
			compatibilityVersion = "Xcode 3.2";
			developmentRegion = English;
			hasScannedForEncodings = 0;
			knownRegions = (
				en,
			);
			mainGroup = 050DB2141BE9BED800D6BD12;
			productRefGroup = 050DB21E1BE9BED800D6BD12 /* Products */;
			projectDirPath = "";
			projectRoot = "";
			targets = (
				050DB21C1BE9BED800D6BD12 /* P8 */,
			);
		};
/* End PBXProject section */

/* Begin PBXSourcesBuildPhase section */
		050DB2191BE9BED800D6BD12 /* Sources */ = {
			isa = PBXSourcesBuildPhase;
			buildActionMask = 2147483647;
			files = (
				050DB2211BE9BED800D6BD12 /* main.m in Sources */,
				050DB22C1BE9C02D00D6BD12 /* Rectangle.m in Sources */,
			);
			runOnlyForDeploymentPostprocessing = 0;
		};
/* End PBXSourcesBuildPhase section */

/* Begin XCBuildConfiguration section */
		050DB2221BE9BED800D6BD12 /* Debug */ = {
			isa = XCBuildConfiguration;
			buildSettings = {
				ALWAYS_SEARCH_USER_PATHS = NO;
				CLANG_CXX_LANGUAGE_STANDARD = "gnu++0x";
				CLANG_CXX_LIBRARY = "libc++";
				CLANG_ENABLE_MODULES = YES;
				CLANG_ENABLE_OBJC_ARC = YES;
				CLANG_WARN_BOOL_CONVERSION = YES;
				CLANG_WARN_CONSTANT_CONVERSION = YES;
				CLANG_WARN_DIRECT_OBJC_ISA_USAGE = YES_ERROR;
				CLANG_WARN_EMPTY_BODY = YES;
				CLANG_WARN_ENUM_CONVERSION = YES;
				CLANG_WARN_INT_CONVERSION = YES;
				CLANG_WARN_OBJC_ROOT_CLASS = YES_ERROR;
				CLANG_WARN_UNREACHABLE_CODE = YES;
				CLANG_WARN__DUPLICATE_METHOD_MATCH = YES;
				COPY_PHASE_STRIP = NO;
				DEBUG_INFORMATION_FORMAT = dwarf;
				ENABLE_STRICT_OBJC_MSGSEND = YES;
				GCC_C_LANGUAGE_STANDARD = gnu99;
				GCC_DYNAMIC_NO_PIC = NO;
				GCC_NO_COMMON_BLOCKS = YES;
				GCC_OPTIMIZATION_LEVEL = 0;
				GCC_PREPROCESSOR_DEFINITIONS = (
					"DEBUG=1",
					"$(inherited)",
				);
				GCC_SYMBOLS_PRIVATE_EXTERN = NO;
				GCC_WARN_64_TO_32_BIT_CONVERSION = YES;
				GCC_WARN_ABOUT_RETURN_TYPE = YES_ERROR;
				GCC_WARN_UNDECLARED_SELECTOR = YES;
				GCC_WARN_UNINITIALIZED_AUTOS = YES_AGGRESSIVE;
				GCC_WARN_UNUSED_FUNCTION = YES;
				GCC_WARN_UNUSED_VARIABLE = YES;
				MACOSX_DEPLOYMENT_TARGET = 10.10;
				MTL_ENABLE_DEBUG_INFO = YES;
				ONLY_ACTIVE_ARCH = YES;
				SDKROOT = macosx;
			};
			name = Debug;
		};
		050DB2231BE9BED800D6BD12 /* Release */ = {
			isa = XCBuildConfiguration;
			buildSettings = {
				ALWAYS_SEARCH_USER_PATHS = NO;
				CLANG_CXX_LANGUAGE_STANDARD = "gnu++0x";
				CLANG_CXX_LIBRARY = "libc++";
				CLANG_ENABLE_MODULES = YES;
				CLANG_ENABLE_OBJC_ARC = YES;
				CLANG_WARN_BOOL_CONVERSION = YES;
				CLANG_WARN_CONSTANT_CONVERSION = YES;
				CLANG_WARN_DIRECT_OBJC_ISA_USAGE = YES_ERROR;
				CLANG_WARN_EMPTY_BODY = YES;
				CLANG_WARN_ENUM_CONVERSION = YES;
				CLANG_WARN_INT_CONVERSION = YES;
				CLANG_WARN_OBJC_ROOT_CLASS = YES_ERROR;
				CLANG_WARN_UNREACHABLE_CODE = YES;
				CLANG_WARN__DUPLICATE_METHOD_MATCH = YES;
				COPY_PHASE_STRIP = NO;
				DEBUG_INFORMATION_FORMAT = "dwarf-with-dsym";
				ENABLE_NS_ASSERTIONS = NO;
				ENABLE_STRICT_OBJC_MSGSEND = YES;
				GCC_C_LANGUAGE_STANDARD = gnu99;
				GCC_NO_COMMON_BLOCKS = YES;
				GCC_WARN_64_TO_32_BIT_CONVERSION = YES;
				GCC_WARN_ABOUT_RETURN_TYPE = YES_ERROR;
				GCC_WARN_UNDECLARED_SELECTOR = YES;
				GCC_WARN_UNINITIALIZED_AUTOS = YES_AGGRESSIVE;
				GCC_WARN_UNUSED_FUNCTION = YES;
				GCC_WARN_UNUSED_VARIABLE = YES;
				MACOSX_DEPLOYMENT_TARGET = 10.10;
				MTL_ENABLE_DEBUG_INFO = NO;
				SDKROOT = macosx;
			};
			name = Release;
		};
		050DB2251BE9BED800D6BD12 /* Debug */ = {
			isa = XCBuildConfiguration;
			buildSettings = {
				PRODUCT_NAME = "$(TARGET_NAME)";
			};
			name = Debug;
		};
		050DB2261BE9BED800D6BD12 /* Release */ = {
			isa = XCBuildConfiguration;
			buildSettings = {
				PRODUCT_NAME = "$(TARGET_NAME)";
			};
			name = Release;
		};
/* End XCBuildConfiguration section */

/* Begin XCConfigurationList section */
		050DB2181BE9BED800D6BD12 /* Build configuration list for PBXProject "P8" */ = {
			isa = XCConfigurationList;
			buildConfigurations = (
				050DB2221BE9BED800D6BD12 /* Debug */,
				050DB2231BE9BED800D6BD12 /* Release */,
			);
			defaultConfigurationIsVisible = 0;
			defaultConfigurationName = Release;
		};
		050DB2241BE9BED800D6BD12 /* Build configuration list for PBXNativeTarget "P8" */ = {
			isa = XCConfigurationList;
			buildConfigurations = (
				050DB2251BE9BED800D6BD12 /* Debug */,
				050DB2261BE9BED800D6BD12 /* Release */,
			);
			defaultConfigurationIsVisible = 0;
			defaultConfigurationName = Release;
		};
/* End XCConfigurationList section */
	};
	rootObject = 050DB2151BE9BED800D6BD12 /* Project object */;
}
